// !$*UTF8*$!
{
	archiveVersion = 1;
	classes = {
	};
	objectVersion = 46;
	objects = {

/* Begin PBXBuildFile section */
		3F4CAD921A1F3C9200BAB8DC /* CoreMotion.framework in Frameworks */ = {isa = PBXBuildFile; fileRef = 3F4CAD911A1F3C9200BAB8DC /* CoreMotion.framework */; };
		3F6F0A921A0C9E030028F784 /* AppDelegate.swift in Sources */ = {isa = PBXBuildFile; fileRef = 3F6F0A911A0C9E030028F784 /* AppDelegate.swift */; };
		3F6F0A941A0C9E030028F784 /* ViewController.swift in Sources */ = {isa = PBXBuildFile; fileRef = 3F6F0A931A0C9E030028F784 /* ViewController.swift */; };
		3F6F0A971A0C9E030028F784 /* Main.storyboard in Resources */ = {isa = PBXBuildFile; fileRef = 3F6F0A951A0C9E030028F784 /* Main.storyboard */; };
		3F6F0A991A0C9E030028F784 /* Images.xcassets in Resources */ = {isa = PBXBuildFile; fileRef = 3F6F0A981A0C9E030028F784 /* Images.xcassets */; };
		3F6F0A9C1A0C9E030028F784 /* LaunchScreen.xib in Resources */ = {isa = PBXBuildFile; fileRef = 3F6F0A9A1A0C9E030028F784 /* LaunchScreen.xib */; };
		3F6F0AA81A0C9E030028F784 /* testAnimationTests.swift in Sources */ = {isa = PBXBuildFile; fileRef = 3F6F0AA71A0C9E030028F784 /* testAnimationTests.swift */; };
/* End PBXBuildFile section */

/* Begin PBXContainerItemProxy section */
		3F6F0AA21A0C9E030028F784 /* PBXContainerItemProxy */ = {
			isa = PBXContainerItemProxy;
			containerPortal = 3F6F0A841A0C9E030028F784 /* Project object */;
			proxyType = 1;
			remoteGlobalIDString = 3F6F0A8B1A0C9E030028F784;
			remoteInfo = testAnimation;
		};
/* End PBXContainerItemProxy section */

/* Begin PBXFileReference section */
		3F4CAD911A1F3C9200BAB8DC /* CoreMotion.framework */ = {isa = PBXFileReference; lastKnownFileType = wrapper.framework; name = CoreMotion.framework; path = System/Library/Frameworks/CoreMotion.framework; sourceTree = SDKROOT; };
		3F6F0A8C1A0C9E030028F784 /* testAnimation.app */ = {isa = PBXFileReference; explicitFileType = wrapper.application; includeInIndex = 0; path = testAnimation.app; sourceTree = BUILT_PRODUCTS_DIR; };
		3F6F0A901A0C9E030028F784 /* Info.plist */ = {isa = PBXFileReference; lastKnownFileType = text.plist.xml; path = Info.plist; sourceTree = "<group>"; };
		3F6F0A911A0C9E030028F784 /* AppDelegate.swift */ = {isa = PBXFileReference; lastKnownFileType = sourcecode.swift; path = AppDelegate.swift; sourceTree = "<group>"; };
		3F6F0A931A0C9E030028F784 /* ViewController.swift */ = {isa = PBXFileReference; lastKnownFileType = sourcecode.swift; path = ViewController.swift; sourceTree = "<group>"; };
		3F6F0A961A0C9E030028F784 /* Base */ = {isa = PBXFileReference; lastKnownFileType = file.storyboard; name = Base; path = Base.lproj/Main.storyboard; sourceTree = "<group>"; };
		3F6F0A981A0C9E030028F784 /* Images.xcassets */ = {isa = PBXFileReference; lastKnownFileType = folder.assetcatalog; path = Images.xcassets; sourceTree = "<group>"; };
		3F6F0A9B1A0C9E030028F784 /* Base */ = {isa = PBXFileReference; lastKnownFileType = file.xib; name = Base; path = Base.lproj/LaunchScreen.xib; sourceTree = "<group>"; };
		3F6F0AA11A0C9E030028F784 /* testAnimationTests.xctest */ = {isa = PBXFileReference; explicitFileType = wrapper.cfbundle; includeInIndex = 0; path = testAnimationTests.xctest; sourceTree = BUILT_PRODUCTS_DIR; };
		3F6F0AA61A0C9E030028F784 /* Info.plist */ = {isa = PBXFileReference; lastKnownFileType = text.plist.xml; path = Info.plist; sourceTree = "<group>"; };
		3F6F0AA71A0C9E030028F784 /* testAnimationTests.swift */ = {isa = PBXFileReference; lastKnownFileType = sourcecode.swift; path = testAnimationTests.swift; sourceTree = "<group>"; };
/* End PBXFileReference section */

/* Begin PBXFrameworksBuildPhase section */
		3F6F0A891A0C9E030028F784 /* Frameworks */ = {
			isa = PBXFrameworksBuildPhase;
			buildActionMask = 2147483647;
			files = (
				3F4CAD921A1F3C9200BAB8DC /* CoreMotion.framework in Frameworks */,
			);
			runOnlyForDeploymentPostprocessing = 0;
		};
		3F6F0A9E1A0C9E030028F784 /* Frameworks */ = {
			isa = PBXFrameworksBuildPhase;
			buildActionMask = 2147483647;
			files = (
			);
			runOnlyForDeploymentPostprocessing = 0;
		};
/* End PBXFrameworksBuildPhase section */

/* Begin PBXGroup section */
		3F6F0A831A0C9E030028F784 = {
			isa = PBXGroup;
			children = (
				3F4CAD911A1F3C9200BAB8DC /* CoreMotion.framework */,
				3F6F0A8E1A0C9E030028F784 /* testAnimation */,
				3F6F0AA41A0C9E030028F784 /* testAnimationTests */,
				3F6F0A8D1A0C9E030028F784 /* Products */,
			);
			sourceTree = "<group>";
		};
		3F6F0A8D1A0C9E030028F784 /* Products */ = {
			isa = PBXGroup;
			children = (
				3F6F0A8C1A0C9E030028F784 /* testAnimation.app */,
				3F6F0AA11A0C9E030028F784 /* testAnimationTests.xctest */,
			);
			name = Products;
			sourceTree = "<group>";
		};
		3F6F0A8E1A0C9E030028F784 /* testAnimation */ = {
			isa = PBXGroup;
			children = (
				3F6F0A911A0C9E030028F784 /* AppDelegate.swift */,
				3F6F0A931A0C9E030028F784 /* ViewController.swift */,
				3F6F0A951A0C9E030028F784 /* Main.storyboard */,
				3F6F0A981A0C9E030028F784 /* Images.xcassets */,
				3F6F0A9A1A0C9E030028F784 /* LaunchScreen.xib */,
				3F6F0A8F1A0C9E030028F784 /* Supporting Files */,
			);
			path = testAnimation;
			sourceTree = "<group>";
		};
		3F6F0A8F1A0C9E030028F784 /* Supporting Files */ = {
			isa = PBXGroup;
			children = (
				3F6F0A901A0C9E030028F784 /* Info.plist */,
			);
			name = "Supporting Files";
			sourceTree = "<group>";
		};
		3F6F0AA41A0C9E030028F784 /* testAnimationTests */ = {
			isa = PBXGroup;
			children = (
				3F6F0AA71A0C9E030028F784 /* testAnimationTests.swift */,
				3F6F0AA51A0C9E030028F784 /* Supporting Files */,
			);
			path = testAnimationTests;
			sourceTree = "<group>";
		};
		3F6F0AA51A0C9E030028F784 /* Supporting Files */ = {
			isa = PBXGroup;
			children = (
				3F6F0AA61A0C9E030028F784 /* Info.plist */,
			);
			name = "Supporting Files";
			sourceTree = "<group>";
		};
/* End PBXGroup section */

/* Begin PBXNativeTarget section */
		3F6F0A8B1A0C9E030028F784 /* testAnimation */ = {
			isa = PBXNativeTarget;
			buildConfigurationList = 3F6F0AAB1A0C9E030028F784 /* Build configuration list for PBXNativeTarget "testAnimation" */;
			buildPhases = (
				3F6F0A881A0C9E030028F784 /* Sources */,
				3F6F0A891A0C9E030028F784 /* Frameworks */,
				3F6F0A8A1A0C9E030028F784 /* Resources */,
			);
			buildRules = (
			);
			dependencies = (
			);
			name = testAnimation;
			productName = testAnimation;
			productReference = 3F6F0A8C1A0C9E030028F784 /* testAnimation.app */;
			productType = "com.apple.product-type.application";
		};
		3F6F0AA01A0C9E030028F784 /* testAnimationTests */ = {
			isa = PBXNativeTarget;
			buildConfigurationList = 3F6F0AAE1A0C9E030028F784 /* Build configuration list for PBXNativeTarget "testAnimationTests" */;
			buildPhases = (
				3F6F0A9D1A0C9E030028F784 /* Sources */,
				3F6F0A9E1A0C9E030028F784 /* Frameworks */,
				3F6F0A9F1A0C9E030028F784 /* Resources */,
			);
			buildRules = (
			);
			dependencies = (
				3F6F0AA31A0C9E030028F784 /* PBXTargetDependency */,
			);
			name = testAnimationTests;
			productName = testAnimationTests;
			productReference = 3F6F0AA11A0C9E030028F784 /* testAnimationTests.xctest */;
			productType = "com.apple.product-type.bundle.unit-test";
		};
/* End PBXNativeTarget section */

/* Begin PBXProject section */
		3F6F0A841A0C9E030028F784 /* Project object */ = {
			isa = PBXProject;
			attributes = {
				LastUpgradeCheck = 0600;
				ORGANIZATIONNAME = student;
				TargetAttributes = {
					3F6F0A8B1A0C9E030028F784 = {
						CreatedOnToolsVersion = 6.0;
					};
					3F6F0AA01A0C9E030028F784 = {
						CreatedOnToolsVersion = 6.0;
						TestTargetID = 3F6F0A8B1A0C9E030028F784;
					};
				};
			};
			buildConfigurationList = 3F6F0A871A0C9E030028F784 /* Build configuration list for PBXProject "testAnimation" */;
			compatibilityVersion = "Xcode 3.2";
			developmentRegion = English;
			hasScannedForEncodings = 0;
			knownRegions = (
				en,
				Base,
			);
			mainGroup = 3F6F0A831A0C9E030028F784;
			productRefGroup = 3F6F0A8D1A0C9E030028F784 /* Products */;
			projectDirPath = "";
			projectRoot = "";
			targets = (
				3F6F0A8B1A0C9E030028F784 /* testAnimation */,
				3F6F0AA01A0C9E030028F784 /* testAnimationTests */,
			);
		};
/* End PBXProject section */

/* Begin PBXResourcesBuildPhase section */
		3F6F0A8A1A0C9E030028F784 /* Resources */ = {
			isa = PBXResourcesBuildPhase;
			buildActionMask = 2147483647;
			files = (
				3F6F0A971A0C9E030028F784 /* Main.storyboard in Resources */,
				3F6F0A9C1A0C9E030028F784 /* LaunchScreen.xib in Resources */,
				3F6F0A991A0C9E030028F784 /* Images.xcassets in Resources */,
			);
			runOnlyForDeploymentPostprocessing = 0;
		};
		3F6F0A9F1A0C9E030028F784 /* Resources */ = {
			isa = PBXResourcesBuildPhase;
			buildActionMask = 2147483647;
			files = (
			);
			runOnlyForDeploymentPostprocessing = 0;
		};
/* End PBXResourcesBuildPhase section */

/* Begin PBXSourcesBuildPhase section */
		3F6F0A881A0C9E030028F784 /* Sources */ = {
			isa = PBXSourcesBuildPhase;
			buildActionMask = 2147483647;
			files = (
				3F6F0A941A0C9E030028F784 /* ViewController.swift in Sources */,
				3F6F0A921A0C9E030028F784 /* AppDelegate.swift in Sources */,
			);
			runOnlyForDeploymentPostprocessing = 0;
		};
		3F6F0A9D1A0C9E030028F784 /* Sources */ = {
			isa = PBXSourcesBuildPhase;
			buildActionMask = 2147483647;
			files = (
				3F6F0AA81A0C9E030028F784 /* testAnimationTests.swift in Sources */,
			);
			runOnlyForDeploymentPostprocessing = 0;
		};
/* End PBXSourcesBuildPhase section */

/* Begin PBXTargetDependency section */
		3F6F0AA31A0C9E030028F784 /* PBXTargetDependency */ = {
			isa = PBXTargetDependency;
			target = 3F6F0A8B1A0C9E030028F784 /* testAnimation */;
			targetProxy = 3F6F0AA21A0C9E030028F784 /* PBXContainerItemProxy */;
		};
/* End PBXTargetDependency section */

/* Begin PBXVariantGroup section */
		3F6F0A951A0C9E030028F784 /* Main.storyboard */ = {
			isa = PBXVariantGroup;
			children = (
				3F6F0A961A0C9E030028F784 /* Base */,
			);
			name = Main.storyboard;
			sourceTree = "<group>";
		};
		3F6F0A9A1A0C9E030028F784 /* LaunchScreen.xib */ = {
			isa = PBXVariantGroup;
			children = (
				3F6F0A9B1A0C9E030028F784 /* Base */,
			);
			name = LaunchScreen.xib;
			sourceTree = "<group>";
		};
/* End PBXVariantGroup section */

/* Begin XCBuildConfiguration section */
		3F6F0AA91A0C9E030028F784 /* Debug */ = {
			isa = XCBuildConfiguration;
			buildSettings = {
				ALWAYS_SEARCH_USER_PATHS = NO;
				CLANG_CXX_LANGUAGE_STANDARD = "gnu++0x";
				CLANG_CXX_LIBRARY = "libc++";
				CLANG_ENABLE_MODULES = YES;
				CLANG_ENABLE_OBJC_ARC = YES;
				CLANG_WARN_BOOL_CONVERSION = YES;
				CLANG_WARN_CONSTANT_CONVERSION = YES;
				CLANG_WARN_DIRECT_OBJC_ISA_USAGE = YES_ERROR;
				CLANG_WARN_EMPTY_BODY = YES;
				CLANG_WARN_ENUM_CONVERSION = YES;
				CLANG_WARN_INT_CONVERSION = YES;
				CLANG_WARN_OBJC_ROOT_CLASS = YES_ERROR;
				CLANG_WARN_UNREACHABLE_CODE = YES;
				CLANG_WARN__DUPLICATE_METHOD_MATCH = YES;
				"CODE_SIGN_IDENTITY[sdk=iphoneos*]" = "iPhone Developer";
				COPY_PHASE_STRIP = NO;
				ENABLE_STRICT_OBJC_MSGSEND = YES;
				GCC_C_LANGUAGE_STANDARD = gnu99;
				GCC_DYNAMIC_NO_PIC = NO;
				GCC_OPTIMIZATION_LEVEL = 0;
				GCC_PREPROCESSOR_DEFINITIONS = (
					"DEBUG=1",
					"$(inherited)",
				);
				GCC_SYMBOLS_PRIVATE_EXTERN = NO;
				GCC_WARN_64_TO_32_BIT_CONVERSION = YES;
				GCC_WARN_ABOUT_RETURN_TYPE = YES_ERROR;
				GCC_WARN_UNDECLARED_SELECTOR = YES;
				GCC_WARN_UNINITIALIZED_AUTOS = YES_AGGRESSIVE;
				GCC_WARN_UNUSED_FUNCTION = YES;
				GCC_WARN_UNUSED_VARIABLE = YES;
				IPHONEOS_DEPLOYMENT_TARGET = 8.0;
				MTL_ENABLE_DEBUG_INFO = YES;
				ONLY_ACTIVE_ARCH = YES;
				SDKROOT = iphoneos;
				SWIFT_OPTIMIZATION_LEVEL = "-Onone";
			};
			name = Debug;
		};
		3F6F0AAA1A0C9E030028F784 /* Release */ = {
			isa = XCBuildConfiguration;
			buildSettings = {
				ALWAYS_SEARCH_USER_PATHS = NO;
				CLANG_CXX_LANGUAGE_STANDARD = "gnu++0x";
				CLANG_CXX_LIBRARY = "libc++";
				CLANG_ENABLE_MODULES = YES;
				CLANG_ENABLE_OBJC_ARC = YES;
				CLANG_WARN_BOOL_CONVERSION = YES;
				CLANG_WARN_CONSTANT_CONVERSION = YES;
				CLANG_WARN_DIRECT_OBJC_ISA_USAGE = YES_ERROR;
				CLANG_WARN_EMPTY_BODY = YES;
				CLANG_WARN_ENUM_CONVERSION = YES;
				CLANG_WARN_INT_CONVERSION = YES;
				CLANG_WARN_OBJC_ROOT_CLASS = YES_ERROR;
				CLANG_WARN_UNREACHABLE_CODE = YES;
				CLANG_WARN__DUPLICATE_METHOD_MATCH = YES;
				"CODE_SIGN_IDENTITY[sdk=iphoneos*]" = "iPhone Developer";
				COPY_PHASE_STRIP = YES;
				ENABLE_NS_ASSERTIONS = NO;
				ENABLE_STRICT_OBJC_MSGSEND = YES;
				GCC_C_LANGUAGE_STANDARD = gnu99;
				GCC_WARN_64_TO_32_BIT_CONVERSION = YES;
				GCC_WARN_ABOUT_RETURN_TYPE = YES_ERROR;
				GCC_WARN_UNDECLARED_SELECTOR = YES;
				GCC_WARN_UNINITIALIZED_AUTOS = YES_AGGRESSIVE;
				GCC_WARN_UNUSED_FUNCTION = YES;
				GCC_WARN_UNUSED_VARIABLE = YES;
				IPHONEOS_DEPLOYMENT_TARGET = 8.0;
				MTL_ENABLE_DEBUG_INFO = NO;
				SDKROOT = iphoneos;
				VALIDATE_PRODUCT = YES;
			};
			name = Release;
		};
		3F6F0AAC1A0C9E030028F784 /* Debug */ = {
			isa = XCBuildConfiguration;
			buildSettings = {
				ASSETCATALOG_COMPILER_APPICON_NAME = AppIcon;
				INFOPLIST_FILE = testAnimation/Info.plist;
				LD_RUNPATH_SEARCH_PATHS = "$(inherited) @executable_path/Frameworks";
				PRODUCT_NAME = "$(TARGET_NAME)";
			};
			name = Debug;
		};
		3F6F0AAD1A0C9E030028F784 /* Release */ = {
			isa = XCBuildConfiguration;
			buildSettings = {
				ASSETCATALOG_COMPILER_APPICON_NAME = AppIcon;
				INFOPLIST_FILE = testAnimation/Info.plist;
				LD_RUNPATH_SEARCH_PATHS = "$(inherited) @executable_path/Frameworks";
				PRODUCT_NAME = "$(TARGET_NAME)";
			};
			name = Release;
		};
		3F6F0AAF1A0C9E030028F784 /* Debug */ = {
			isa = XCBuildConfiguration;
			buildSettings = {
				BUNDLE_LOADER = "$(TEST_HOST)";
				FRAMEWORK_SEARCH_PATHS = (
					"$(SDKROOT)/Developer/Library/Frameworks",
					"$(inherited)",
				);
				GCC_PREPROCESSOR_DEFINITIONS = (
					"DEBUG=1",
					"$(inherited)",
				);
				INFOPLIST_FILE = testAnimationTests/Info.plist;
				LD_RUNPATH_SEARCH_PATHS = "$(inherited) @executable_path/Frameworks @loader_path/Frameworks";
				PRODUCT_NAME = "$(TARGET_NAME)";
				TEST_HOST = "$(BUILT_PRODUCTS_DIR)/testAnimation.app/testAnimation";
			};
			name = Debug;
		};
		3F6F0AB01A0C9E030028F784 /* Release */ = {
			isa = XCBuildConfiguration;
			buildSettings = {
				BUNDLE_LOADER = "$(TEST_HOST)";
				FRAMEWORK_SEARCH_PATHS = (
					"$(SDKROOT)/Developer/Library/Frameworks",
					"$(inherited)",
				);
				INFOPLIST_FILE = testAnimationTests/Info.plist;
				LD_RUNPATH_SEARCH_PATHS = "$(inherited) @executable_path/Frameworks @loader_path/Frameworks";
				PRODUCT_NAME = "$(TARGET_NAME)";
				TEST_HOST = "$(BUILT_PRODUCTS_DIR)/testAnimation.app/testAnimation";
			};
			name = Release;
		};
/* End XCBuildConfiguration section */

/* Begin XCConfigurationList section */
		3F6F0A871A0C9E030028F784 /* Build configuration list for PBXProject "testAnimation" */ = {
			isa = XCConfigurationList;
			buildConfigurations = (
				3F6F0AA91A0C9E030028F784 /* Debug */,
				3F6F0AAA1A0C9E030028F784 /* Release */,
			);
			defaultConfigurationIsVisible = 0;
			defaultConfigurationName = Release;
		};
		3F6F0AAB1A0C9E030028F784 /* Build configuration list for PBXNativeTarget "testAnimation" */ = {
			isa = XCConfigurationList;
			buildConfigurations = (
				3F6F0AAC1A0C9E030028F784 /* Debug */,
				3F6F0AAD1A0C9E030028F784 /* Release */,
			);
			defaultConfigurationIsVisible = 0;
			defaultConfigurationName = Release;
		};
		3F6F0AAE1A0C9E030028F784 /* Build configuration list for PBXNativeTarget "testAnimationTests" */ = {
			isa = XCConfigurationList;
			buildConfigurations = (
				3F6F0AAF1A0C9E030028F784 /* Debug */,
				3F6F0AB01A0C9E030028F784 /* Release */,
			);
			defaultConfigurationIsVisible = 0;
			defaultConfigurationName = Release;
		};
/* End XCConfigurationList section */
	};
	rootObject = 3F6F0A841A0C9E030028F784 /* Project object */;
}
