// !$*UTF8*$!
{
	archiveVersion = 1;
	classes = {
	};
	objectVersion = 46;
	objects = {

/* Begin PBXBuildFile section */
		3F428FA81A15D8C00069CD35 /* AppDelegate.swift in Sources */ = {isa = PBXBuildFile; fileRef = 3F428FA71A15D8C00069CD35 /* AppDelegate.swift */; };
		3F428FAA1A15D8C00069CD35 /* GameScene.sks in Resources */ = {isa = PBXBuildFile; fileRef = 3F428FA91A15D8C00069CD35 /* GameScene.sks */; };
		3F428FAC1A15D8C00069CD35 /* GameScene.swift in Sources */ = {isa = PBXBuildFile; fileRef = 3F428FAB1A15D8C00069CD35 /* GameScene.swift */; };
		3F428FAE1A15D8C00069CD35 /* GameViewController.swift in Sources */ = {isa = PBXBuildFile; fileRef = 3F428FAD1A15D8C00069CD35 /* GameViewController.swift */; };
		3F428FB11A15D8C00069CD35 /* Main.storyboard in Resources */ = {isa = PBXBuildFile; fileRef = 3F428FAF1A15D8C00069CD35 /* Main.storyboard */; };
		3F428FB31A15D8C00069CD35 /* Images.xcassets in Resources */ = {isa = PBXBuildFile; fileRef = 3F428FB21A15D8C00069CD35 /* Images.xcassets */; };
		3F428FB61A15D8C00069CD35 /* LaunchScreen.xib in Resources */ = {isa = PBXBuildFile; fileRef = 3F428FB41A15D8C00069CD35 /* LaunchScreen.xib */; };
		3F428FC21A15D8C00069CD35 /* spritkitTests.swift in Sources */ = {isa = PBXBuildFile; fileRef = 3F428FC11A15D8C00069CD35 /* spritkitTests.swift */; };
		3F428FCF1A15DA400069CD35 /* alien@2x.png in Resources */ = {isa = PBXBuildFile; fileRef = 3F428FCC1A15DA400069CD35 /* alien@2x.png */; };
		3F428FD01A15DA400069CD35 /* shuttle@2x.png in Resources */ = {isa = PBXBuildFile; fileRef = 3F428FCD1A15DA400069CD35 /* shuttle@2x.png */; };
		3F428FD11A15DA400069CD35 /* torpedo@2x.png in Resources */ = {isa = PBXBuildFile; fileRef = 3F428FCE1A15DA400069CD35 /* torpedo@2x.png */; };
		3F428FD51A15DA6D0069CD35 /* bgmusic.mp3 in Resources */ = {isa = PBXBuildFile; fileRef = 3F428FD31A15DA6D0069CD35 /* bgmusic.mp3 */; };
		3F428FD61A15DA6D0069CD35 /* torpedo.mp3 in Resources */ = {isa = PBXBuildFile; fileRef = 3F428FD41A15DA6D0069CD35 /* torpedo.mp3 */; };
/* End PBXBuildFile section */

/* Begin PBXContainerItemProxy section */
		3F428FBC1A15D8C00069CD35 /* PBXContainerItemProxy */ = {
			isa = PBXContainerItemProxy;
			containerPortal = 3F428F9A1A15D8C00069CD35 /* Project object */;
			proxyType = 1;
			remoteGlobalIDString = 3F428FA11A15D8C00069CD35;
			remoteInfo = spritkit;
		};
/* End PBXContainerItemProxy section */

/* Begin PBXFileReference section */
		3F428FA21A15D8C00069CD35 /* spritkit.app */ = {isa = PBXFileReference; explicitFileType = wrapper.application; includeInIndex = 0; path = spritkit.app; sourceTree = BUILT_PRODUCTS_DIR; };
		3F428FA61A15D8C00069CD35 /* Info.plist */ = {isa = PBXFileReference; lastKnownFileType = text.plist.xml; path = Info.plist; sourceTree = "<group>"; };
		3F428FA71A15D8C00069CD35 /* AppDelegate.swift */ = {isa = PBXFileReference; lastKnownFileType = sourcecode.swift; path = AppDelegate.swift; sourceTree = "<group>"; };
		3F428FA91A15D8C00069CD35 /* GameScene.sks */ = {isa = PBXFileReference; lastKnownFileType = file.sks; path = GameScene.sks; sourceTree = "<group>"; };
		3F428FAB1A15D8C00069CD35 /* GameScene.swift */ = {isa = PBXFileReference; lastKnownFileType = sourcecode.swift; path = GameScene.swift; sourceTree = "<group>"; };
		3F428FAD1A15D8C00069CD35 /* GameViewController.swift */ = {isa = PBXFileReference; lastKnownFileType = sourcecode.swift; path = GameViewController.swift; sourceTree = "<group>"; };
		3F428FB01A15D8C00069CD35 /* Base */ = {isa = PBXFileReference; lastKnownFileType = file.storyboard; name = Base; path = Base.lproj/Main.storyboard; sourceTree = "<group>"; };
		3F428FB21A15D8C00069CD35 /* Images.xcassets */ = {isa = PBXFileReference; lastKnownFileType = folder.assetcatalog; path = Images.xcassets; sourceTree = "<group>"; };
		3F428FB51A15D8C00069CD35 /* Base */ = {isa = PBXFileReference; lastKnownFileType = file.xib; name = Base; path = Base.lproj/LaunchScreen.xib; sourceTree = "<group>"; };
		3F428FBB1A15D8C00069CD35 /* spritkitTests.xctest */ = {isa = PBXFileReference; explicitFileType = wrapper.cfbundle; includeInIndex = 0; path = spritkitTests.xctest; sourceTree = BUILT_PRODUCTS_DIR; };
		3F428FC01A15D8C00069CD35 /* Info.plist */ = {isa = PBXFileReference; lastKnownFileType = text.plist.xml; path = Info.plist; sourceTree = "<group>"; };
		3F428FC11A15D8C00069CD35 /* spritkitTests.swift */ = {isa = PBXFileReference; lastKnownFileType = sourcecode.swift; path = spritkitTests.swift; sourceTree = "<group>"; };
		3F428FCC1A15DA400069CD35 /* alien@2x.png */ = {isa = PBXFileReference; lastKnownFileType = image.png; path = "alien@2x.png"; sourceTree = "<group>"; };
		3F428FCD1A15DA400069CD35 /* shuttle@2x.png */ = {isa = PBXFileReference; lastKnownFileType = image.png; path = "shuttle@2x.png"; sourceTree = "<group>"; };
		3F428FCE1A15DA400069CD35 /* torpedo@2x.png */ = {isa = PBXFileReference; lastKnownFileType = image.png; path = "torpedo@2x.png"; sourceTree = "<group>"; };
		3F428FD31A15DA6D0069CD35 /* bgmusic.mp3 */ = {isa = PBXFileReference; lastKnownFileType = audio.mp3; path = bgmusic.mp3; sourceTree = "<group>"; };
		3F428FD41A15DA6D0069CD35 /* torpedo.mp3 */ = {isa = PBXFileReference; lastKnownFileType = audio.mp3; path = torpedo.mp3; sourceTree = "<group>"; };
/* End PBXFileReference section */

/* Begin PBXFrameworksBuildPhase section */
		3F428F9F1A15D8C00069CD35 /* Frameworks */ = {
			isa = PBXFrameworksBuildPhase;
			buildActionMask = 2147483647;
			files = (
			);
			runOnlyForDeploymentPostprocessing = 0;
		};
		3F428FB81A15D8C00069CD35 /* Frameworks */ = {
			isa = PBXFrameworksBuildPhase;
			buildActionMask = 2147483647;
			files = (
			);
			runOnlyForDeploymentPostprocessing = 0;
		};
/* End PBXFrameworksBuildPhase section */

/* Begin PBXGroup section */
		3F428F991A15D8C00069CD35 = {
			isa = PBXGroup;
			children = (
				3F428FA41A15D8C00069CD35 /* spritkit */,
				3F428FBE1A15D8C00069CD35 /* spritkitTests */,
				3F428FA31A15D8C00069CD35 /* Products */,
			);
			sourceTree = "<group>";
		};
		3F428FA31A15D8C00069CD35 /* Products */ = {
			isa = PBXGroup;
			children = (
				3F428FA21A15D8C00069CD35 /* spritkit.app */,
				3F428FBB1A15D8C00069CD35 /* spritkitTests.xctest */,
			);
			name = Products;
			sourceTree = "<group>";
		};
		3F428FA41A15D8C00069CD35 /* spritkit */ = {
			isa = PBXGroup;
			children = (
				3F428FA71A15D8C00069CD35 /* AppDelegate.swift */,
				3F428FA91A15D8C00069CD35 /* GameScene.sks */,
				3F428FAB1A15D8C00069CD35 /* GameScene.swift */,
				3F428FAD1A15D8C00069CD35 /* GameViewController.swift */,
				3F428FD21A15DA580069CD35 /* sounds */,
				3F428FCB1A15D90E0069CD35 /* sprites.atlas */,
				3F428FAF1A15D8C00069CD35 /* Main.storyboard */,
				3F428FB21A15D8C00069CD35 /* Images.xcassets */,
				3F428FB41A15D8C00069CD35 /* LaunchScreen.xib */,
				3F428FA51A15D8C00069CD35 /* Supporting Files */,
			);
			path = spritkit;
			sourceTree = "<group>";
		};
		3F428FA51A15D8C00069CD35 /* Supporting Files */ = {
			isa = PBXGroup;
			children = (
				3F428FA61A15D8C00069CD35 /* Info.plist */,
			);
			name = "Supporting Files";
			sourceTree = "<group>";
		};
		3F428FBE1A15D8C00069CD35 /* spritkitTests */ = {
			isa = PBXGroup;
			children = (
				3F428FC11A15D8C00069CD35 /* spritkitTests.swift */,
				3F428FBF1A15D8C00069CD35 /* Supporting Files */,
			);
			path = spritkitTests;
			sourceTree = "<group>";
		};
		3F428FBF1A15D8C00069CD35 /* Supporting Files */ = {
			isa = PBXGroup;
			children = (
				3F428FC01A15D8C00069CD35 /* Info.plist */,
			);
			name = "Supporting Files";
			sourceTree = "<group>";
		};
		3F428FCB1A15D90E0069CD35 /* sprites.atlas */ = {
			isa = PBXGroup;
			children = (
				3F428FCC1A15DA400069CD35 /* alien@2x.png */,
				3F428FCD1A15DA400069CD35 /* shuttle@2x.png */,
				3F428FCE1A15DA400069CD35 /* torpedo@2x.png */,
			);
			name = sprites.atlas;
			sourceTree = "<group>";
		};
		3F428FD21A15DA580069CD35 /* sounds */ = {
			isa = PBXGroup;
			children = (
				3F428FD31A15DA6D0069CD35 /* bgmusic.mp3 */,
				3F428FD41A15DA6D0069CD35 /* torpedo.mp3 */,
			);
			name = sounds;
			sourceTree = "<group>";
		};
/* End PBXGroup section */

/* Begin PBXNativeTarget section */
		3F428FA11A15D8C00069CD35 /* spritkit */ = {
			isa = PBXNativeTarget;
			buildConfigurationList = 3F428FC51A15D8C00069CD35 /* Build configuration list for PBXNativeTarget "spritkit" */;
			buildPhases = (
				3F428F9E1A15D8C00069CD35 /* Sources */,
				3F428F9F1A15D8C00069CD35 /* Frameworks */,
				3F428FA01A15D8C00069CD35 /* Resources */,
			);
			buildRules = (
			);
			dependencies = (
			);
			name = spritkit;
			productName = spritkit;
			productReference = 3F428FA21A15D8C00069CD35 /* spritkit.app */;
			productType = "com.apple.product-type.application";
		};
		3F428FBA1A15D8C00069CD35 /* spritkitTests */ = {
			isa = PBXNativeTarget;
			buildConfigurationList = 3F428FC81A15D8C00069CD35 /* Build configuration list for PBXNativeTarget "spritkitTests" */;
			buildPhases = (
				3F428FB71A15D8C00069CD35 /* Sources */,
				3F428FB81A15D8C00069CD35 /* Frameworks */,
				3F428FB91A15D8C00069CD35 /* Resources */,
			);
			buildRules = (
			);
			dependencies = (
				3F428FBD1A15D8C00069CD35 /* PBXTargetDependency */,
			);
			name = spritkitTests;
			productName = spritkitTests;
			productReference = 3F428FBB1A15D8C00069CD35 /* spritkitTests.xctest */;
			productType = "com.apple.product-type.bundle.unit-test";
		};
/* End PBXNativeTarget section */

/* Begin PBXProject section */
		3F428F9A1A15D8C00069CD35 /* Project object */ = {
			isa = PBXProject;
			attributes = {
				LastUpgradeCheck = 0600;
				ORGANIZATIONNAME = student;
				TargetAttributes = {
					3F428FA11A15D8C00069CD35 = {
						CreatedOnToolsVersion = 6.0;
					};
					3F428FBA1A15D8C00069CD35 = {
						CreatedOnToolsVersion = 6.0;
						TestTargetID = 3F428FA11A15D8C00069CD35;
					};
				};
			};
			buildConfigurationList = 3F428F9D1A15D8C00069CD35 /* Build configuration list for PBXProject "spritkit" */;
			compatibilityVersion = "Xcode 3.2";
			developmentRegion = English;
			hasScannedForEncodings = 0;
			knownRegions = (
				en,
				Base,
			);
			mainGroup = 3F428F991A15D8C00069CD35;
			productRefGroup = 3F428FA31A15D8C00069CD35 /* Products */;
			projectDirPath = "";
			projectRoot = "";
			targets = (
				3F428FA11A15D8C00069CD35 /* spritkit */,
				3F428FBA1A15D8C00069CD35 /* spritkitTests */,
			);
		};
/* End PBXProject section */

/* Begin PBXResourcesBuildPhase section */
		3F428FA01A15D8C00069CD35 /* Resources */ = {
			isa = PBXResourcesBuildPhase;
			buildActionMask = 2147483647;
			files = (
				3F428FD01A15DA400069CD35 /* shuttle@2x.png in Resources */,
				3F428FCF1A15DA400069CD35 /* alien@2x.png in Resources */,
				3F428FB61A15D8C00069CD35 /* LaunchScreen.xib in Resources */,
				3F428FD51A15DA6D0069CD35 /* bgmusic.mp3 in Resources */,
				3F428FD11A15DA400069CD35 /* torpedo@2x.png in Resources */,
				3F428FB31A15D8C00069CD35 /* Images.xcassets in Resources */,
				3F428FAA1A15D8C00069CD35 /* GameScene.sks in Resources */,
				3F428FD61A15DA6D0069CD35 /* torpedo.mp3 in Resources */,
				3F428FB11A15D8C00069CD35 /* Main.storyboard in Resources */,
			);
			runOnlyForDeploymentPostprocessing = 0;
		};
		3F428FB91A15D8C00069CD35 /* Resources */ = {
			isa = PBXResourcesBuildPhase;
			buildActionMask = 2147483647;
			files = (
			);
			runOnlyForDeploymentPostprocessing = 0;
		};
/* End PBXResourcesBuildPhase section */

/* Begin PBXSourcesBuildPhase section */
		3F428F9E1A15D8C00069CD35 /* Sources */ = {
			isa = PBXSourcesBuildPhase;
			buildActionMask = 2147483647;
			files = (
				3F428FAC1A15D8C00069CD35 /* GameScene.swift in Sources */,
				3F428FAE1A15D8C00069CD35 /* GameViewController.swift in Sources */,
				3F428FA81A15D8C00069CD35 /* AppDelegate.swift in Sources */,
			);
			runOnlyForDeploymentPostprocessing = 0;
		};
		3F428FB71A15D8C00069CD35 /* Sources */ = {
			isa = PBXSourcesBuildPhase;
			buildActionMask = 2147483647;
			files = (
				3F428FC21A15D8C00069CD35 /* spritkitTests.swift in Sources */,
			);
			runOnlyForDeploymentPostprocessing = 0;
		};
/* End PBXSourcesBuildPhase section */

/* Begin PBXTargetDependency section */
		3F428FBD1A15D8C00069CD35 /* PBXTargetDependency */ = {
			isa = PBXTargetDependency;
			target = 3F428FA11A15D8C00069CD35 /* spritkit */;
			targetProxy = 3F428FBC1A15D8C00069CD35 /* PBXContainerItemProxy */;
		};
/* End PBXTargetDependency section */

/* Begin PBXVariantGroup section */
		3F428FAF1A15D8C00069CD35 /* Main.storyboard */ = {
			isa = PBXVariantGroup;
			children = (
				3F428FB01A15D8C00069CD35 /* Base */,
			);
			name = Main.storyboard;
			sourceTree = "<group>";
		};
		3F428FB41A15D8C00069CD35 /* LaunchScreen.xib */ = {
			isa = PBXVariantGroup;
			children = (
				3F428FB51A15D8C00069CD35 /* Base */,
			);
			name = LaunchScreen.xib;
			sourceTree = "<group>";
		};
/* End PBXVariantGroup section */

/* Begin XCBuildConfiguration section */
		3F428FC31A15D8C00069CD35 /* Debug */ = {
			isa = XCBuildConfiguration;
			buildSettings = {
				ALWAYS_SEARCH_USER_PATHS = NO;
				CLANG_CXX_LANGUAGE_STANDARD = "gnu++0x";
				CLANG_CXX_LIBRARY = "libc++";
				CLANG_ENABLE_MODULES = YES;
				CLANG_ENABLE_OBJC_ARC = YES;
				CLANG_WARN_BOOL_CONVERSION = YES;
				CLANG_WARN_CONSTANT_CONVERSION = YES;
				CLANG_WARN_DIRECT_OBJC_ISA_USAGE = YES_ERROR;
				CLANG_WARN_EMPTY_BODY = YES;
				CLANG_WARN_ENUM_CONVERSION = YES;
				CLANG_WARN_INT_CONVERSION = YES;
				CLANG_WARN_OBJC_ROOT_CLASS = YES_ERROR;
				CLANG_WARN_UNREACHABLE_CODE = YES;
				CLANG_WARN__DUPLICATE_METHOD_MATCH = YES;
				"CODE_SIGN_IDENTITY[sdk=iphoneos*]" = "iPhone Developer";
				COPY_PHASE_STRIP = NO;
				ENABLE_STRICT_OBJC_MSGSEND = YES;
				GCC_C_LANGUAGE_STANDARD = gnu99;
				GCC_DYNAMIC_NO_PIC = NO;
				GCC_OPTIMIZATION_LEVEL = 0;
				GCC_PREPROCESSOR_DEFINITIONS = (
					"DEBUG=1",
					"$(inherited)",
				);
				GCC_SYMBOLS_PRIVATE_EXTERN = NO;
				GCC_WARN_64_TO_32_BIT_CONVERSION = YES;
				GCC_WARN_ABOUT_RETURN_TYPE = YES_ERROR;
				GCC_WARN_UNDECLARED_SELECTOR = YES;
				GCC_WARN_UNINITIALIZED_AUTOS = YES_AGGRESSIVE;
				GCC_WARN_UNUSED_FUNCTION = YES;
				GCC_WARN_UNUSED_VARIABLE = YES;
				IPHONEOS_DEPLOYMENT_TARGET = 8.0;
				MTL_ENABLE_DEBUG_INFO = YES;
				ONLY_ACTIVE_ARCH = YES;
				SDKROOT = iphoneos;
				SWIFT_OPTIMIZATION_LEVEL = "-Onone";
			};
			name = Debug;
		};
		3F428FC41A15D8C00069CD35 /* Release */ = {
			isa = XCBuildConfiguration;
			buildSettings = {
				ALWAYS_SEARCH_USER_PATHS = NO;
				CLANG_CXX_LANGUAGE_STANDARD = "gnu++0x";
				CLANG_CXX_LIBRARY = "libc++";
				CLANG_ENABLE_MODULES = YES;
				CLANG_ENABLE_OBJC_ARC = YES;
				CLANG_WARN_BOOL_CONVERSION = YES;
				CLANG_WARN_CONSTANT_CONVERSION = YES;
				CLANG_WARN_DIRECT_OBJC_ISA_USAGE = YES_ERROR;
				CLANG_WARN_EMPTY_BODY = YES;
				CLANG_WARN_ENUM_CONVERSION = YES;
				CLANG_WARN_INT_CONVERSION = YES;
				CLANG_WARN_OBJC_ROOT_CLASS = YES_ERROR;
				CLANG_WARN_UNREACHABLE_CODE = YES;
				CLANG_WARN__DUPLICATE_METHOD_MATCH = YES;
				"CODE_SIGN_IDENTITY[sdk=iphoneos*]" = "iPhone Developer";
				COPY_PHASE_STRIP = YES;
				ENABLE_NS_ASSERTIONS = NO;
				ENABLE_STRICT_OBJC_MSGSEND = YES;
				GCC_C_LANGUAGE_STANDARD = gnu99;
				GCC_WARN_64_TO_32_BIT_CONVERSION = YES;
				GCC_WARN_ABOUT_RETURN_TYPE = YES_ERROR;
				GCC_WARN_UNDECLARED_SELECTOR = YES;
				GCC_WARN_UNINITIALIZED_AUTOS = YES_AGGRESSIVE;
				GCC_WARN_UNUSED_FUNCTION = YES;
				GCC_WARN_UNUSED_VARIABLE = YES;
				IPHONEOS_DEPLOYMENT_TARGET = 8.0;
				MTL_ENABLE_DEBUG_INFO = NO;
				SDKROOT = iphoneos;
				VALIDATE_PRODUCT = YES;
			};
			name = Release;
		};
		3F428FC61A15D8C00069CD35 /* Debug */ = {
			isa = XCBuildConfiguration;
			buildSettings = {
				ASSETCATALOG_COMPILER_APPICON_NAME = AppIcon;
				INFOPLIST_FILE = spritkit/Info.plist;
				LD_RUNPATH_SEARCH_PATHS = "$(inherited) @executable_path/Frameworks";
				PRODUCT_NAME = "$(TARGET_NAME)";
			};
			name = Debug;
		};
		3F428FC71A15D8C00069CD35 /* Release */ = {
			isa = XCBuildConfiguration;
			buildSettings = {
				ASSETCATALOG_COMPILER_APPICON_NAME = AppIcon;
				INFOPLIST_FILE = spritkit/Info.plist;
				LD_RUNPATH_SEARCH_PATHS = "$(inherited) @executable_path/Frameworks";
				PRODUCT_NAME = "$(TARGET_NAME)";
			};
			name = Release;
		};
		3F428FC91A15D8C00069CD35 /* Debug */ = {
			isa = XCBuildConfiguration;
			buildSettings = {
				BUNDLE_LOADER = "$(TEST_HOST)";
				FRAMEWORK_SEARCH_PATHS = (
					"$(SDKROOT)/Developer/Library/Frameworks",
					"$(inherited)",
				);
				GCC_PREPROCESSOR_DEFINITIONS = (
					"DEBUG=1",
					"$(inherited)",
				);
				INFOPLIST_FILE = spritkitTests/Info.plist;
				LD_RUNPATH_SEARCH_PATHS = "$(inherited) @executable_path/Frameworks @loader_path/Frameworks";
				PRODUCT_NAME = "$(TARGET_NAME)";
				TEST_HOST = "$(BUILT_PRODUCTS_DIR)/spritkit.app/spritkit";
			};
			name = Debug;
		};
		3F428FCA1A15D8C00069CD35 /* Release */ = {
			isa = XCBuildConfiguration;
			buildSettings = {
				BUNDLE_LOADER = "$(TEST_HOST)";
				FRAMEWORK_SEARCH_PATHS = (
					"$(SDKROOT)/Developer/Library/Frameworks",
					"$(inherited)",
				);
				INFOPLIST_FILE = spritkitTests/Info.plist;
				LD_RUNPATH_SEARCH_PATHS = "$(inherited) @executable_path/Frameworks @loader_path/Frameworks";
				PRODUCT_NAME = "$(TARGET_NAME)";
				TEST_HOST = "$(BUILT_PRODUCTS_DIR)/spritkit.app/spritkit";
			};
			name = Release;
		};
/* End XCBuildConfiguration section */

/* Begin XCConfigurationList section */
		3F428F9D1A15D8C00069CD35 /* Build configuration list for PBXProject "spritkit" */ = {
			isa = XCConfigurationList;
			buildConfigurations = (
				3F428FC31A15D8C00069CD35 /* Debug */,
				3F428FC41A15D8C00069CD35 /* Release */,
			);
			defaultConfigurationIsVisible = 0;
			defaultConfigurationName = Release;
		};
		3F428FC51A15D8C00069CD35 /* Build configuration list for PBXNativeTarget "spritkit" */ = {
			isa = XCConfigurationList;
			buildConfigurations = (
				3F428FC61A15D8C00069CD35 /* Debug */,
				3F428FC71A15D8C00069CD35 /* Release */,
			);
			defaultConfigurationIsVisible = 0;
		};
		3F428FC81A15D8C00069CD35 /* Build configuration list for PBXNativeTarget "spritkitTests" */ = {
			isa = XCConfigurationList;
			buildConfigurations = (
				3F428FC91A15D8C00069CD35 /* Debug */,
				3F428FCA1A15D8C00069CD35 /* Release */,
			);
			defaultConfigurationIsVisible = 0;
		};
/* End XCConfigurationList section */
	};
	rootObject = 3F428F9A1A15D8C00069CD35 /* Project object */;
}
