// !$*UTF8*$!
{
	archiveVersion = 1;
	classes = {
	};
	objectVersion = 46;
	objects = {

/* Begin PBXBuildFile section */
		3F98ADEC19D53D08004D8CD5 /* AppDelegate.swift in Sources */ = {isa = PBXBuildFile; fileRef = 3F98ADEB19D53D08004D8CD5 /* AppDelegate.swift */; };
		3F98ADEE19D53D08004D8CD5 /* ViewController.swift in Sources */ = {isa = PBXBuildFile; fileRef = 3F98ADED19D53D08004D8CD5 /* ViewController.swift */; };
		3F98ADF119D53D08004D8CD5 /* Main.storyboard in Resources */ = {isa = PBXBuildFile; fileRef = 3F98ADEF19D53D08004D8CD5 /* Main.storyboard */; };
		3F98ADF319D53D08004D8CD5 /* Images.xcassets in Resources */ = {isa = PBXBuildFile; fileRef = 3F98ADF219D53D08004D8CD5 /* Images.xcassets */; };
		3F98ADF619D53D08004D8CD5 /* LaunchScreen.xib in Resources */ = {isa = PBXBuildFile; fileRef = 3F98ADF419D53D08004D8CD5 /* LaunchScreen.xib */; };
		3F98AE0219D53D08004D8CD5 /* nameboxtotableTests.swift in Sources */ = {isa = PBXBuildFile; fileRef = 3F98AE0119D53D08004D8CD5 /* nameboxtotableTests.swift */; };
		3F98AE0C19D541E2004D8CD5 /* student.swift in Sources */ = {isa = PBXBuildFile; fileRef = 3F98AE0B19D541E2004D8CD5 /* student.swift */; };
/* End PBXBuildFile section */

/* Begin PBXContainerItemProxy section */
		3F98ADFC19D53D08004D8CD5 /* PBXContainerItemProxy */ = {
			isa = PBXContainerItemProxy;
			containerPortal = 3F98ADDE19D53D08004D8CD5 /* Project object */;
			proxyType = 1;
			remoteGlobalIDString = 3F98ADE519D53D08004D8CD5;
			remoteInfo = nameboxtotable;
		};
/* End PBXContainerItemProxy section */

/* Begin PBXFileReference section */
		3F98ADE619D53D08004D8CD5 /* nameboxtotable.app */ = {isa = PBXFileReference; explicitFileType = wrapper.application; includeInIndex = 0; path = nameboxtotable.app; sourceTree = BUILT_PRODUCTS_DIR; };
		3F98ADEA19D53D08004D8CD5 /* Info.plist */ = {isa = PBXFileReference; lastKnownFileType = text.plist.xml; path = Info.plist; sourceTree = "<group>"; };
		3F98ADEB19D53D08004D8CD5 /* AppDelegate.swift */ = {isa = PBXFileReference; lastKnownFileType = sourcecode.swift; path = AppDelegate.swift; sourceTree = "<group>"; };
		3F98ADED19D53D08004D8CD5 /* ViewController.swift */ = {isa = PBXFileReference; lastKnownFileType = sourcecode.swift; path = ViewController.swift; sourceTree = "<group>"; };
		3F98ADF019D53D08004D8CD5 /* Base */ = {isa = PBXFileReference; lastKnownFileType = file.storyboard; name = Base; path = Base.lproj/Main.storyboard; sourceTree = "<group>"; };
		3F98ADF219D53D08004D8CD5 /* Images.xcassets */ = {isa = PBXFileReference; lastKnownFileType = folder.assetcatalog; path = Images.xcassets; sourceTree = "<group>"; };
		3F98ADF519D53D08004D8CD5 /* Base */ = {isa = PBXFileReference; lastKnownFileType = file.xib; name = Base; path = Base.lproj/LaunchScreen.xib; sourceTree = "<group>"; };
		3F98ADFB19D53D08004D8CD5 /* nameboxtotableTests.xctest */ = {isa = PBXFileReference; explicitFileType = wrapper.cfbundle; includeInIndex = 0; path = nameboxtotableTests.xctest; sourceTree = BUILT_PRODUCTS_DIR; };
		3F98AE0019D53D08004D8CD5 /* Info.plist */ = {isa = PBXFileReference; lastKnownFileType = text.plist.xml; path = Info.plist; sourceTree = "<group>"; };
		3F98AE0119D53D08004D8CD5 /* nameboxtotableTests.swift */ = {isa = PBXFileReference; lastKnownFileType = sourcecode.swift; path = nameboxtotableTests.swift; sourceTree = "<group>"; };
		3F98AE0B19D541E2004D8CD5 /* student.swift */ = {isa = PBXFileReference; fileEncoding = 4; lastKnownFileType = sourcecode.swift; path = student.swift; sourceTree = "<group>"; };
/* End PBXFileReference section */

/* Begin PBXFrameworksBuildPhase section */
		3F98ADE319D53D08004D8CD5 /* Frameworks */ = {
			isa = PBXFrameworksBuildPhase;
			buildActionMask = 2147483647;
			files = (
			);
			runOnlyForDeploymentPostprocessing = 0;
		};
		3F98ADF819D53D08004D8CD5 /* Frameworks */ = {
			isa = PBXFrameworksBuildPhase;
			buildActionMask = 2147483647;
			files = (
			);
			runOnlyForDeploymentPostprocessing = 0;
		};
/* End PBXFrameworksBuildPhase section */

/* Begin PBXGroup section */
		3F98ADDD19D53D08004D8CD5 = {
			isa = PBXGroup;
			children = (
				3F98ADE819D53D08004D8CD5 /* nameboxtotable */,
				3F98ADFE19D53D08004D8CD5 /* nameboxtotableTests */,
				3F98ADE719D53D08004D8CD5 /* Products */,
			);
			sourceTree = "<group>";
		};
		3F98ADE719D53D08004D8CD5 /* Products */ = {
			isa = PBXGroup;
			children = (
				3F98ADE619D53D08004D8CD5 /* nameboxtotable.app */,
				3F98ADFB19D53D08004D8CD5 /* nameboxtotableTests.xctest */,
			);
			name = Products;
			sourceTree = "<group>";
		};
		3F98ADE819D53D08004D8CD5 /* nameboxtotable */ = {
			isa = PBXGroup;
			children = (
				3F98AE0B19D541E2004D8CD5 /* student.swift */,
				3F98ADEB19D53D08004D8CD5 /* AppDelegate.swift */,
				3F98ADED19D53D08004D8CD5 /* ViewController.swift */,
				3F98ADEF19D53D08004D8CD5 /* Main.storyboard */,
				3F98ADF219D53D08004D8CD5 /* Images.xcassets */,
				3F98ADF419D53D08004D8CD5 /* LaunchScreen.xib */,
				3F98ADE919D53D08004D8CD5 /* Supporting Files */,
			);
			path = nameboxtotable;
			sourceTree = "<group>";
		};
		3F98ADE919D53D08004D8CD5 /* Supporting Files */ = {
			isa = PBXGroup;
			children = (
				3F98ADEA19D53D08004D8CD5 /* Info.plist */,
			);
			name = "Supporting Files";
			sourceTree = "<group>";
		};
		3F98ADFE19D53D08004D8CD5 /* nameboxtotableTests */ = {
			isa = PBXGroup;
			children = (
				3F98AE0119D53D08004D8CD5 /* nameboxtotableTests.swift */,
				3F98ADFF19D53D08004D8CD5 /* Supporting Files */,
			);
			path = nameboxtotableTests;
			sourceTree = "<group>";
		};
		3F98ADFF19D53D08004D8CD5 /* Supporting Files */ = {
			isa = PBXGroup;
			children = (
				3F98AE0019D53D08004D8CD5 /* Info.plist */,
			);
			name = "Supporting Files";
			sourceTree = "<group>";
		};
/* End PBXGroup section */

/* Begin PBXNativeTarget section */
		3F98ADE519D53D08004D8CD5 /* nameboxtotable */ = {
			isa = PBXNativeTarget;
			buildConfigurationList = 3F98AE0519D53D08004D8CD5 /* Build configuration list for PBXNativeTarget "nameboxtotable" */;
			buildPhases = (
				3F98ADE219D53D08004D8CD5 /* Sources */,
				3F98ADE319D53D08004D8CD5 /* Frameworks */,
				3F98ADE419D53D08004D8CD5 /* Resources */,
			);
			buildRules = (
			);
			dependencies = (
			);
			name = nameboxtotable;
			productName = nameboxtotable;
			productReference = 3F98ADE619D53D08004D8CD5 /* nameboxtotable.app */;
			productType = "com.apple.product-type.application";
		};
		3F98ADFA19D53D08004D8CD5 /* nameboxtotableTests */ = {
			isa = PBXNativeTarget;
			buildConfigurationList = 3F98AE0819D53D08004D8CD5 /* Build configuration list for PBXNativeTarget "nameboxtotableTests" */;
			buildPhases = (
				3F98ADF719D53D08004D8CD5 /* Sources */,
				3F98ADF819D53D08004D8CD5 /* Frameworks */,
				3F98ADF919D53D08004D8CD5 /* Resources */,
			);
			buildRules = (
			);
			dependencies = (
				3F98ADFD19D53D08004D8CD5 /* PBXTargetDependency */,
			);
			name = nameboxtotableTests;
			productName = nameboxtotableTests;
			productReference = 3F98ADFB19D53D08004D8CD5 /* nameboxtotableTests.xctest */;
			productType = "com.apple.product-type.bundle.unit-test";
		};
/* End PBXNativeTarget section */

/* Begin PBXProject section */
		3F98ADDE19D53D08004D8CD5 /* Project object */ = {
			isa = PBXProject;
			attributes = {
				LastUpgradeCheck = 0600;
				ORGANIZATIONNAME = Student;
				TargetAttributes = {
					3F98ADE519D53D08004D8CD5 = {
						CreatedOnToolsVersion = 6.0;
					};
					3F98ADFA19D53D08004D8CD5 = {
						CreatedOnToolsVersion = 6.0;
						TestTargetID = 3F98ADE519D53D08004D8CD5;
					};
				};
			};
			buildConfigurationList = 3F98ADE119D53D08004D8CD5 /* Build configuration list for PBXProject "nameboxtotable" */;
			compatibilityVersion = "Xcode 3.2";
			developmentRegion = English;
			hasScannedForEncodings = 0;
			knownRegions = (
				en,
				Base,
			);
			mainGroup = 3F98ADDD19D53D08004D8CD5;
			productRefGroup = 3F98ADE719D53D08004D8CD5 /* Products */;
			projectDirPath = "";
			projectRoot = "";
			targets = (
				3F98ADE519D53D08004D8CD5 /* nameboxtotable */,
				3F98ADFA19D53D08004D8CD5 /* nameboxtotableTests */,
			);
		};
/* End PBXProject section */

/* Begin PBXResourcesBuildPhase section */
		3F98ADE419D53D08004D8CD5 /* Resources */ = {
			isa = PBXResourcesBuildPhase;
			buildActionMask = 2147483647;
			files = (
				3F98ADF119D53D08004D8CD5 /* Main.storyboard in Resources */,
				3F98ADF619D53D08004D8CD5 /* LaunchScreen.xib in Resources */,
				3F98ADF319D53D08004D8CD5 /* Images.xcassets in Resources */,
			);
			runOnlyForDeploymentPostprocessing = 0;
		};
		3F98ADF919D53D08004D8CD5 /* Resources */ = {
			isa = PBXResourcesBuildPhase;
			buildActionMask = 2147483647;
			files = (
			);
			runOnlyForDeploymentPostprocessing = 0;
		};
/* End PBXResourcesBuildPhase section */

/* Begin PBXSourcesBuildPhase section */
		3F98ADE219D53D08004D8CD5 /* Sources */ = {
			isa = PBXSourcesBuildPhase;
			buildActionMask = 2147483647;
			files = (
				3F98ADEE19D53D08004D8CD5 /* ViewController.swift in Sources */,
				3F98ADEC19D53D08004D8CD5 /* AppDelegate.swift in Sources */,
				3F98AE0C19D541E2004D8CD5 /* student.swift in Sources */,
			);
			runOnlyForDeploymentPostprocessing = 0;
		};
		3F98ADF719D53D08004D8CD5 /* Sources */ = {
			isa = PBXSourcesBuildPhase;
			buildActionMask = 2147483647;
			files = (
				3F98AE0219D53D08004D8CD5 /* nameboxtotableTests.swift in Sources */,
			);
			runOnlyForDeploymentPostprocessing = 0;
		};
/* End PBXSourcesBuildPhase section */

/* Begin PBXTargetDependency section */
		3F98ADFD19D53D08004D8CD5 /* PBXTargetDependency */ = {
			isa = PBXTargetDependency;
			target = 3F98ADE519D53D08004D8CD5 /* nameboxtotable */;
			targetProxy = 3F98ADFC19D53D08004D8CD5 /* PBXContainerItemProxy */;
		};
/* End PBXTargetDependency section */

/* Begin PBXVariantGroup section */
		3F98ADEF19D53D08004D8CD5 /* Main.storyboard */ = {
			isa = PBXVariantGroup;
			children = (
				3F98ADF019D53D08004D8CD5 /* Base */,
			);
			name = Main.storyboard;
			sourceTree = "<group>";
		};
		3F98ADF419D53D08004D8CD5 /* LaunchScreen.xib */ = {
			isa = PBXVariantGroup;
			children = (
				3F98ADF519D53D08004D8CD5 /* Base */,
			);
			name = LaunchScreen.xib;
			sourceTree = "<group>";
		};
/* End PBXVariantGroup section */

/* Begin XCBuildConfiguration section */
		3F98AE0319D53D08004D8CD5 /* Debug */ = {
			isa = XCBuildConfiguration;
			buildSettings = {
				ALWAYS_SEARCH_USER_PATHS = NO;
				CLANG_CXX_LANGUAGE_STANDARD = "gnu++0x";
				CLANG_CXX_LIBRARY = "libc++";
				CLANG_ENABLE_MODULES = YES;
				CLANG_ENABLE_OBJC_ARC = YES;
				CLANG_WARN_BOOL_CONVERSION = YES;
				CLANG_WARN_CONSTANT_CONVERSION = YES;
				CLANG_WARN_DIRECT_OBJC_ISA_USAGE = YES_ERROR;
				CLANG_WARN_EMPTY_BODY = YES;
				CLANG_WARN_ENUM_CONVERSION = YES;
				CLANG_WARN_INT_CONVERSION = YES;
				CLANG_WARN_OBJC_ROOT_CLASS = YES_ERROR;
				CLANG_WARN_UNREACHABLE_CODE = YES;
				CLANG_WARN__DUPLICATE_METHOD_MATCH = YES;
				"CODE_SIGN_IDENTITY[sdk=iphoneos*]" = "iPhone Developer";
				COPY_PHASE_STRIP = NO;
				ENABLE_STRICT_OBJC_MSGSEND = YES;
				GCC_C_LANGUAGE_STANDARD = gnu99;
				GCC_DYNAMIC_NO_PIC = NO;
				GCC_OPTIMIZATION_LEVEL = 0;
				GCC_PREPROCESSOR_DEFINITIONS = (
					"DEBUG=1",
					"$(inherited)",
				);
				GCC_SYMBOLS_PRIVATE_EXTERN = NO;
				GCC_WARN_64_TO_32_BIT_CONVERSION = YES;
				GCC_WARN_ABOUT_RETURN_TYPE = YES_ERROR;
				GCC_WARN_UNDECLARED_SELECTOR = YES;
				GCC_WARN_UNINITIALIZED_AUTOS = YES_AGGRESSIVE;
				GCC_WARN_UNUSED_FUNCTION = YES;
				GCC_WARN_UNUSED_VARIABLE = YES;
				IPHONEOS_DEPLOYMENT_TARGET = 8.0;
				MTL_ENABLE_DEBUG_INFO = YES;
				ONLY_ACTIVE_ARCH = YES;
				SDKROOT = iphoneos;
				SWIFT_OPTIMIZATION_LEVEL = "-Onone";
			};
			name = Debug;
		};
		3F98AE0419D53D08004D8CD5 /* Release */ = {
			isa = XCBuildConfiguration;
			buildSettings = {
				ALWAYS_SEARCH_USER_PATHS = NO;
				CLANG_CXX_LANGUAGE_STANDARD = "gnu++0x";
				CLANG_CXX_LIBRARY = "libc++";
				CLANG_ENABLE_MODULES = YES;
				CLANG_ENABLE_OBJC_ARC = YES;
				CLANG_WARN_BOOL_CONVERSION = YES;
				CLANG_WARN_CONSTANT_CONVERSION = YES;
				CLANG_WARN_DIRECT_OBJC_ISA_USAGE = YES_ERROR;
				CLANG_WARN_EMPTY_BODY = YES;
				CLANG_WARN_ENUM_CONVERSION = YES;
				CLANG_WARN_INT_CONVERSION = YES;
				CLANG_WARN_OBJC_ROOT_CLASS = YES_ERROR;
				CLANG_WARN_UNREACHABLE_CODE = YES;
				CLANG_WARN__DUPLICATE_METHOD_MATCH = YES;
				"CODE_SIGN_IDENTITY[sdk=iphoneos*]" = "iPhone Developer";
				COPY_PHASE_STRIP = YES;
				ENABLE_NS_ASSERTIONS = NO;
				ENABLE_STRICT_OBJC_MSGSEND = YES;
				GCC_C_LANGUAGE_STANDARD = gnu99;
				GCC_WARN_64_TO_32_BIT_CONVERSION = YES;
				GCC_WARN_ABOUT_RETURN_TYPE = YES_ERROR;
				GCC_WARN_UNDECLARED_SELECTOR = YES;
				GCC_WARN_UNINITIALIZED_AUTOS = YES_AGGRESSIVE;
				GCC_WARN_UNUSED_FUNCTION = YES;
				GCC_WARN_UNUSED_VARIABLE = YES;
				IPHONEOS_DEPLOYMENT_TARGET = 8.0;
				MTL_ENABLE_DEBUG_INFO = NO;
				SDKROOT = iphoneos;
				VALIDATE_PRODUCT = YES;
			};
			name = Release;
		};
		3F98AE0619D53D08004D8CD5 /* Debug */ = {
			isa = XCBuildConfiguration;
			buildSettings = {
				ASSETCATALOG_COMPILER_APPICON_NAME = AppIcon;
				INFOPLIST_FILE = nameboxtotable/Info.plist;
				LD_RUNPATH_SEARCH_PATHS = "$(inherited) @executable_path/Frameworks";
				PRODUCT_NAME = "$(TARGET_NAME)";
			};
			name = Debug;
		};
		3F98AE0719D53D08004D8CD5 /* Release */ = {
			isa = XCBuildConfiguration;
			buildSettings = {
				ASSETCATALOG_COMPILER_APPICON_NAME = AppIcon;
				INFOPLIST_FILE = nameboxtotable/Info.plist;
				LD_RUNPATH_SEARCH_PATHS = "$(inherited) @executable_path/Frameworks";
				PRODUCT_NAME = "$(TARGET_NAME)";
			};
			name = Release;
		};
		3F98AE0919D53D08004D8CD5 /* Debug */ = {
			isa = XCBuildConfiguration;
			buildSettings = {
				BUNDLE_LOADER = "$(TEST_HOST)";
				FRAMEWORK_SEARCH_PATHS = (
					"$(SDKROOT)/Developer/Library/Frameworks",
					"$(inherited)",
				);
				GCC_PREPROCESSOR_DEFINITIONS = (
					"DEBUG=1",
					"$(inherited)",
				);
				INFOPLIST_FILE = nameboxtotableTests/Info.plist;
				LD_RUNPATH_SEARCH_PATHS = "$(inherited) @executable_path/Frameworks @loader_path/Frameworks";
				PRODUCT_NAME = "$(TARGET_NAME)";
				TEST_HOST = "$(BUILT_PRODUCTS_DIR)/nameboxtotable.app/nameboxtotable";
			};
			name = Debug;
		};
		3F98AE0A19D53D08004D8CD5 /* Release */ = {
			isa = XCBuildConfiguration;
			buildSettings = {
				BUNDLE_LOADER = "$(TEST_HOST)";
				FRAMEWORK_SEARCH_PATHS = (
					"$(SDKROOT)/Developer/Library/Frameworks",
					"$(inherited)",
				);
				INFOPLIST_FILE = nameboxtotableTests/Info.plist;
				LD_RUNPATH_SEARCH_PATHS = "$(inherited) @executable_path/Frameworks @loader_path/Frameworks";
				PRODUCT_NAME = "$(TARGET_NAME)";
				TEST_HOST = "$(BUILT_PRODUCTS_DIR)/nameboxtotable.app/nameboxtotable";
			};
			name = Release;
		};
/* End XCBuildConfiguration section */

/* Begin XCConfigurationList section */
		3F98ADE119D53D08004D8CD5 /* Build configuration list for PBXProject "nameboxtotable" */ = {
			isa = XCConfigurationList;
			buildConfigurations = (
				3F98AE0319D53D08004D8CD5 /* Debug */,
				3F98AE0419D53D08004D8CD5 /* Release */,
			);
			defaultConfigurationIsVisible = 0;
			defaultConfigurationName = Release;
		};
		3F98AE0519D53D08004D8CD5 /* Build configuration list for PBXNativeTarget "nameboxtotable" */ = {
			isa = XCConfigurationList;
			buildConfigurations = (
				3F98AE0619D53D08004D8CD5 /* Debug */,
				3F98AE0719D53D08004D8CD5 /* Release */,
			);
			defaultConfigurationIsVisible = 0;
		};
		3F98AE0819D53D08004D8CD5 /* Build configuration list for PBXNativeTarget "nameboxtotableTests" */ = {
			isa = XCConfigurationList;
			buildConfigurations = (
				3F98AE0919D53D08004D8CD5 /* Debug */,
				3F98AE0A19D53D08004D8CD5 /* Release */,
			);
			defaultConfigurationIsVisible = 0;
		};
/* End XCConfigurationList section */
	};
	rootObject = 3F98ADDE19D53D08004D8CD5 /* Project object */;
}
