// !$*UTF8*$!
{
	archiveVersion = 1;
	classes = {
	};
	objectVersion = 46;
	objects = {

/* Begin PBXBuildFile section */
		3F0D518219C2C81E0023F42B /* AppDelegate.swift in Sources */ = {isa = PBXBuildFile; fileRef = 3F0D518119C2C81E0023F42B /* AppDelegate.swift */; };
		3F0D518419C2C81E0023F42B /* ViewController.swift in Sources */ = {isa = PBXBuildFile; fileRef = 3F0D518319C2C81E0023F42B /* ViewController.swift */; };
		3F0D518719C2C81E0023F42B /* Main.storyboard in Resources */ = {isa = PBXBuildFile; fileRef = 3F0D518519C2C81E0023F42B /* Main.storyboard */; };
		3F0D518919C2C81E0023F42B /* Images.xcassets in Resources */ = {isa = PBXBuildFile; fileRef = 3F0D518819C2C81E0023F42B /* Images.xcassets */; };
		3F0D519519C2C81E0023F42B /* TipCalculatorTests.swift in Sources */ = {isa = PBXBuildFile; fileRef = 3F0D519419C2C81E0023F42B /* TipCalculatorTests.swift */; };
		3F0D519F19C2C88B0023F42B /* TipCalculatorModel.swift in Sources */ = {isa = PBXBuildFile; fileRef = 3F0D519E19C2C88B0023F42B /* TipCalculatorModel.swift */; };
/* End PBXBuildFile section */

/* Begin PBXContainerItemProxy section */
		3F0D518F19C2C81E0023F42B /* PBXContainerItemProxy */ = {
			isa = PBXContainerItemProxy;
			containerPortal = 3F0D517419C2C81E0023F42B /* Project object */;
			proxyType = 1;
			remoteGlobalIDString = 3F0D517B19C2C81E0023F42B;
			remoteInfo = TipCalculator;
		};
/* End PBXContainerItemProxy section */

/* Begin PBXFileReference section */
		3F0D517C19C2C81E0023F42B /* TipCalculator.app */ = {isa = PBXFileReference; explicitFileType = wrapper.application; includeInIndex = 0; path = TipCalculator.app; sourceTree = BUILT_PRODUCTS_DIR; };
		3F0D518019C2C81E0023F42B /* Info.plist */ = {isa = PBXFileReference; lastKnownFileType = text.plist.xml; path = Info.plist; sourceTree = "<group>"; };
		3F0D518119C2C81E0023F42B /* AppDelegate.swift */ = {isa = PBXFileReference; lastKnownFileType = sourcecode.swift; path = AppDelegate.swift; sourceTree = "<group>"; };
		3F0D518319C2C81E0023F42B /* ViewController.swift */ = {isa = PBXFileReference; lastKnownFileType = sourcecode.swift; path = ViewController.swift; sourceTree = "<group>"; };
		3F0D518619C2C81E0023F42B /* Base */ = {isa = PBXFileReference; lastKnownFileType = file.storyboard; name = Base; path = Base.lproj/Main.storyboard; sourceTree = "<group>"; };
		3F0D518819C2C81E0023F42B /* Images.xcassets */ = {isa = PBXFileReference; lastKnownFileType = folder.assetcatalog; path = Images.xcassets; sourceTree = "<group>"; };
		3F0D518E19C2C81E0023F42B /* TipCalculatorTests.xctest */ = {isa = PBXFileReference; explicitFileType = wrapper.cfbundle; includeInIndex = 0; path = TipCalculatorTests.xctest; sourceTree = BUILT_PRODUCTS_DIR; };
		3F0D519319C2C81E0023F42B /* Info.plist */ = {isa = PBXFileReference; lastKnownFileType = text.plist.xml; path = Info.plist; sourceTree = "<group>"; };
		3F0D519419C2C81E0023F42B /* TipCalculatorTests.swift */ = {isa = PBXFileReference; lastKnownFileType = sourcecode.swift; path = TipCalculatorTests.swift; sourceTree = "<group>"; };
		3F0D519E19C2C88B0023F42B /* TipCalculatorModel.swift */ = {isa = PBXFileReference; fileEncoding = 4; lastKnownFileType = sourcecode.swift; path = TipCalculatorModel.swift; sourceTree = "<group>"; };
		3FC6EB3019C2DC7F00B8D10B /* dictionaryCal.playground */ = {isa = PBXFileReference; lastKnownFileType = file.playground; name = dictionaryCal.playground; path = ../../dictionaryCal.playground; sourceTree = "<group>"; };
/* End PBXFileReference section */

/* Begin PBXFrameworksBuildPhase section */
		3F0D517919C2C81E0023F42B /* Frameworks */ = {
			isa = PBXFrameworksBuildPhase;
			buildActionMask = 2147483647;
			files = (
			);
			runOnlyForDeploymentPostprocessing = 0;
		};
		3F0D518B19C2C81E0023F42B /* Frameworks */ = {
			isa = PBXFrameworksBuildPhase;
			buildActionMask = 2147483647;
			files = (
			);
			runOnlyForDeploymentPostprocessing = 0;
		};
/* End PBXFrameworksBuildPhase section */

/* Begin PBXGroup section */
		3F0D517319C2C81E0023F42B = {
			isa = PBXGroup;
			children = (
				3F0D519E19C2C88B0023F42B /* TipCalculatorModel.swift */,
				3F0D517E19C2C81E0023F42B /* TipCalculator */,
				3F0D519119C2C81E0023F42B /* TipCalculatorTests */,
				3F0D517D19C2C81E0023F42B /* Products */,
			);
			sourceTree = "<group>";
		};
		3F0D517D19C2C81E0023F42B /* Products */ = {
			isa = PBXGroup;
			children = (
				3F0D517C19C2C81E0023F42B /* TipCalculator.app */,
				3F0D518E19C2C81E0023F42B /* TipCalculatorTests.xctest */,
			);
			name = Products;
			sourceTree = "<group>";
		};
		3F0D517E19C2C81E0023F42B /* TipCalculator */ = {
			isa = PBXGroup;
			children = (
				3FC6EB3019C2DC7F00B8D10B /* dictionaryCal.playground */,
				3F0D518119C2C81E0023F42B /* AppDelegate.swift */,
				3F0D518319C2C81E0023F42B /* ViewController.swift */,
				3F0D518519C2C81E0023F42B /* Main.storyboard */,
				3F0D518819C2C81E0023F42B /* Images.xcassets */,
				3F0D517F19C2C81E0023F42B /* Supporting Files */,
			);
			path = TipCalculator;
			sourceTree = "<group>";
		};
		3F0D517F19C2C81E0023F42B /* Supporting Files */ = {
			isa = PBXGroup;
			children = (
				3F0D518019C2C81E0023F42B /* Info.plist */,
			);
			name = "Supporting Files";
			sourceTree = "<group>";
		};
		3F0D519119C2C81E0023F42B /* TipCalculatorTests */ = {
			isa = PBXGroup;
			children = (
				3F0D519419C2C81E0023F42B /* TipCalculatorTests.swift */,
				3F0D519219C2C81E0023F42B /* Supporting Files */,
			);
			path = TipCalculatorTests;
			sourceTree = "<group>";
		};
		3F0D519219C2C81E0023F42B /* Supporting Files */ = {
			isa = PBXGroup;
			children = (
				3F0D519319C2C81E0023F42B /* Info.plist */,
			);
			name = "Supporting Files";
			sourceTree = "<group>";
		};
/* End PBXGroup section */

/* Begin PBXNativeTarget section */
		3F0D517B19C2C81E0023F42B /* TipCalculator */ = {
			isa = PBXNativeTarget;
			buildConfigurationList = 3F0D519819C2C81E0023F42B /* Build configuration list for PBXNativeTarget "TipCalculator" */;
			buildPhases = (
				3F0D517819C2C81E0023F42B /* Sources */,
				3F0D517919C2C81E0023F42B /* Frameworks */,
				3F0D517A19C2C81E0023F42B /* Resources */,
			);
			buildRules = (
			);
			dependencies = (
			);
			name = TipCalculator;
			productName = TipCalculator;
			productReference = 3F0D517C19C2C81E0023F42B /* TipCalculator.app */;
			productType = "com.apple.product-type.application";
		};
		3F0D518D19C2C81E0023F42B /* TipCalculatorTests */ = {
			isa = PBXNativeTarget;
			buildConfigurationList = 3F0D519B19C2C81E0023F42B /* Build configuration list for PBXNativeTarget "TipCalculatorTests" */;
			buildPhases = (
				3F0D518A19C2C81E0023F42B /* Sources */,
				3F0D518B19C2C81E0023F42B /* Frameworks */,
				3F0D518C19C2C81E0023F42B /* Resources */,
			);
			buildRules = (
			);
			dependencies = (
				3F0D519019C2C81E0023F42B /* PBXTargetDependency */,
			);
			name = TipCalculatorTests;
			productName = TipCalculatorTests;
			productReference = 3F0D518E19C2C81E0023F42B /* TipCalculatorTests.xctest */;
			productType = "com.apple.product-type.bundle.unit-test";
		};
/* End PBXNativeTarget section */

/* Begin PBXProject section */
		3F0D517419C2C81E0023F42B /* Project object */ = {
			isa = PBXProject;
			attributes = {
				LastUpgradeCheck = 0600;
				ORGANIZATIONNAME = Student;
				TargetAttributes = {
					3F0D517B19C2C81E0023F42B = {
						CreatedOnToolsVersion = 6.0;
					};
					3F0D518D19C2C81E0023F42B = {
						CreatedOnToolsVersion = 6.0;
						TestTargetID = 3F0D517B19C2C81E0023F42B;
					};
				};
			};
			buildConfigurationList = 3F0D517719C2C81E0023F42B /* Build configuration list for PBXProject "TipCalculator" */;
			compatibilityVersion = "Xcode 3.2";
			developmentRegion = English;
			hasScannedForEncodings = 0;
			knownRegions = (
				en,
				Base,
			);
			mainGroup = 3F0D517319C2C81E0023F42B;
			productRefGroup = 3F0D517D19C2C81E0023F42B /* Products */;
			projectDirPath = "";
			projectRoot = "";
			targets = (
				3F0D517B19C2C81E0023F42B /* TipCalculator */,
				3F0D518D19C2C81E0023F42B /* TipCalculatorTests */,
			);
		};
/* End PBXProject section */

/* Begin PBXResourcesBuildPhase section */
		3F0D517A19C2C81E0023F42B /* Resources */ = {
			isa = PBXResourcesBuildPhase;
			buildActionMask = 2147483647;
			files = (
				3F0D518719C2C81E0023F42B /* Main.storyboard in Resources */,
				3F0D518919C2C81E0023F42B /* Images.xcassets in Resources */,
			);
			runOnlyForDeploymentPostprocessing = 0;
		};
		3F0D518C19C2C81E0023F42B /* Resources */ = {
			isa = PBXResourcesBuildPhase;
			buildActionMask = 2147483647;
			files = (
			);
			runOnlyForDeploymentPostprocessing = 0;
		};
/* End PBXResourcesBuildPhase section */

/* Begin PBXSourcesBuildPhase section */
		3F0D517819C2C81E0023F42B /* Sources */ = {
			isa = PBXSourcesBuildPhase;
			buildActionMask = 2147483647;
			files = (
				3F0D519F19C2C88B0023F42B /* TipCalculatorModel.swift in Sources */,
				3F0D518419C2C81E0023F42B /* ViewController.swift in Sources */,
				3F0D518219C2C81E0023F42B /* AppDelegate.swift in Sources */,
			);
			runOnlyForDeploymentPostprocessing = 0;
		};
		3F0D518A19C2C81E0023F42B /* Sources */ = {
			isa = PBXSourcesBuildPhase;
			buildActionMask = 2147483647;
			files = (
				3F0D519519C2C81E0023F42B /* TipCalculatorTests.swift in Sources */,
			);
			runOnlyForDeploymentPostprocessing = 0;
		};
/* End PBXSourcesBuildPhase section */

/* Begin PBXTargetDependency section */
		3F0D519019C2C81E0023F42B /* PBXTargetDependency */ = {
			isa = PBXTargetDependency;
			target = 3F0D517B19C2C81E0023F42B /* TipCalculator */;
			targetProxy = 3F0D518F19C2C81E0023F42B /* PBXContainerItemProxy */;
		};
/* End PBXTargetDependency section */

/* Begin PBXVariantGroup section */
		3F0D518519C2C81E0023F42B /* Main.storyboard */ = {
			isa = PBXVariantGroup;
			children = (
				3F0D518619C2C81E0023F42B /* Base */,
			);
			name = Main.storyboard;
			sourceTree = "<group>";
		};
/* End PBXVariantGroup section */

/* Begin XCBuildConfiguration section */
		3F0D519619C2C81E0023F42B /* Debug */ = {
			isa = XCBuildConfiguration;
			buildSettings = {
				ALWAYS_SEARCH_USER_PATHS = NO;
				CLANG_CXX_LANGUAGE_STANDARD = "gnu++0x";
				CLANG_CXX_LIBRARY = "libc++";
				CLANG_ENABLE_MODULES = YES;
				CLANG_ENABLE_OBJC_ARC = YES;
				CLANG_WARN_BOOL_CONVERSION = YES;
				CLANG_WARN_CONSTANT_CONVERSION = YES;
				CLANG_WARN_DIRECT_OBJC_ISA_USAGE = YES_ERROR;
				CLANG_WARN_EMPTY_BODY = YES;
				CLANG_WARN_ENUM_CONVERSION = YES;
				CLANG_WARN_INT_CONVERSION = YES;
				CLANG_WARN_OBJC_ROOT_CLASS = YES_ERROR;
				CLANG_WARN_UNREACHABLE_CODE = YES;
				CLANG_WARN__DUPLICATE_METHOD_MATCH = YES;
				"CODE_SIGN_IDENTITY[sdk=iphoneos*]" = "iPhone Developer";
				COPY_PHASE_STRIP = NO;
				ENABLE_STRICT_OBJC_MSGSEND = YES;
				GCC_C_LANGUAGE_STANDARD = gnu99;
				GCC_DYNAMIC_NO_PIC = NO;
				GCC_OPTIMIZATION_LEVEL = 0;
				GCC_PREPROCESSOR_DEFINITIONS = (
					"DEBUG=1",
					"$(inherited)",
				);
				GCC_SYMBOLS_PRIVATE_EXTERN = NO;
				GCC_WARN_64_TO_32_BIT_CONVERSION = YES;
				GCC_WARN_ABOUT_RETURN_TYPE = YES_ERROR;
				GCC_WARN_UNDECLARED_SELECTOR = YES;
				GCC_WARN_UNINITIALIZED_AUTOS = YES_AGGRESSIVE;
				GCC_WARN_UNUSED_FUNCTION = YES;
				GCC_WARN_UNUSED_VARIABLE = YES;
				IPHONEOS_DEPLOYMENT_TARGET = 8.0;
				MTL_ENABLE_DEBUG_INFO = YES;
				ONLY_ACTIVE_ARCH = YES;
				SDKROOT = iphoneos;
				SWIFT_OPTIMIZATION_LEVEL = "-Onone";
			};
			name = Debug;
		};
		3F0D519719C2C81E0023F42B /* Release */ = {
			isa = XCBuildConfiguration;
			buildSettings = {
				ALWAYS_SEARCH_USER_PATHS = NO;
				CLANG_CXX_LANGUAGE_STANDARD = "gnu++0x";
				CLANG_CXX_LIBRARY = "libc++";
				CLANG_ENABLE_MODULES = YES;
				CLANG_ENABLE_OBJC_ARC = YES;
				CLANG_WARN_BOOL_CONVERSION = YES;
				CLANG_WARN_CONSTANT_CONVERSION = YES;
				CLANG_WARN_DIRECT_OBJC_ISA_USAGE = YES_ERROR;
				CLANG_WARN_EMPTY_BODY = YES;
				CLANG_WARN_ENUM_CONVERSION = YES;
				CLANG_WARN_INT_CONVERSION = YES;
				CLANG_WARN_OBJC_ROOT_CLASS = YES_ERROR;
				CLANG_WARN_UNREACHABLE_CODE = YES;
				CLANG_WARN__DUPLICATE_METHOD_MATCH = YES;
				"CODE_SIGN_IDENTITY[sdk=iphoneos*]" = "iPhone Developer";
				COPY_PHASE_STRIP = YES;
				ENABLE_NS_ASSERTIONS = NO;
				ENABLE_STRICT_OBJC_MSGSEND = YES;
				GCC_C_LANGUAGE_STANDARD = gnu99;
				GCC_WARN_64_TO_32_BIT_CONVERSION = YES;
				GCC_WARN_ABOUT_RETURN_TYPE = YES_ERROR;
				GCC_WARN_UNDECLARED_SELECTOR = YES;
				GCC_WARN_UNINITIALIZED_AUTOS = YES_AGGRESSIVE;
				GCC_WARN_UNUSED_FUNCTION = YES;
				GCC_WARN_UNUSED_VARIABLE = YES;
				IPHONEOS_DEPLOYMENT_TARGET = 8.0;
				MTL_ENABLE_DEBUG_INFO = NO;
				SDKROOT = iphoneos;
				VALIDATE_PRODUCT = YES;
			};
			name = Release;
		};
		3F0D519919C2C81E0023F42B /* Debug */ = {
			isa = XCBuildConfiguration;
			buildSettings = {
				ASSETCATALOG_COMPILER_APPICON_NAME = AppIcon;
				ASSETCATALOG_COMPILER_LAUNCHIMAGE_NAME = LaunchImage;
				INFOPLIST_FILE = TipCalculator/Info.plist;
				LD_RUNPATH_SEARCH_PATHS = "$(inherited) @executable_path/Frameworks";
				PRODUCT_NAME = "$(TARGET_NAME)";
			};
			name = Debug;
		};
		3F0D519A19C2C81E0023F42B /* Release */ = {
			isa = XCBuildConfiguration;
			buildSettings = {
				ASSETCATALOG_COMPILER_APPICON_NAME = AppIcon;
				ASSETCATALOG_COMPILER_LAUNCHIMAGE_NAME = LaunchImage;
				INFOPLIST_FILE = TipCalculator/Info.plist;
				LD_RUNPATH_SEARCH_PATHS = "$(inherited) @executable_path/Frameworks";
				PRODUCT_NAME = "$(TARGET_NAME)";
			};
			name = Release;
		};
		3F0D519C19C2C81E0023F42B /* Debug */ = {
			isa = XCBuildConfiguration;
			buildSettings = {
				BUNDLE_LOADER = "$(BUILT_PRODUCTS_DIR)/TipCalculator.app/TipCalculator";
				FRAMEWORK_SEARCH_PATHS = (
					"$(SDKROOT)/Developer/Library/Frameworks",
					"$(inherited)",
				);
				GCC_PREPROCESSOR_DEFINITIONS = (
					"DEBUG=1",
					"$(inherited)",
				);
				INFOPLIST_FILE = TipCalculatorTests/Info.plist;
				LD_RUNPATH_SEARCH_PATHS = "$(inherited) @executable_path/Frameworks @loader_path/Frameworks";
				PRODUCT_NAME = "$(TARGET_NAME)";
				TEST_HOST = "$(BUNDLE_LOADER)";
			};
			name = Debug;
		};
		3F0D519D19C2C81E0023F42B /* Release */ = {
			isa = XCBuildConfiguration;
			buildSettings = {
				BUNDLE_LOADER = "$(BUILT_PRODUCTS_DIR)/TipCalculator.app/TipCalculator";
				FRAMEWORK_SEARCH_PATHS = (
					"$(SDKROOT)/Developer/Library/Frameworks",
					"$(inherited)",
				);
				INFOPLIST_FILE = TipCalculatorTests/Info.plist;
				LD_RUNPATH_SEARCH_PATHS = "$(inherited) @executable_path/Frameworks @loader_path/Frameworks";
				PRODUCT_NAME = "$(TARGET_NAME)";
				TEST_HOST = "$(BUNDLE_LOADER)";
			};
			name = Release;
		};
/* End XCBuildConfiguration section */

/* Begin XCConfigurationList section */
		3F0D517719C2C81E0023F42B /* Build configuration list for PBXProject "TipCalculator" */ = {
			isa = XCConfigurationList;
			buildConfigurations = (
				3F0D519619C2C81E0023F42B /* Debug */,
				3F0D519719C2C81E0023F42B /* Release */,
			);
			defaultConfigurationIsVisible = 0;
			defaultConfigurationName = Release;
		};
		3F0D519819C2C81E0023F42B /* Build configuration list for PBXNativeTarget "TipCalculator" */ = {
			isa = XCConfigurationList;
			buildConfigurations = (
				3F0D519919C2C81E0023F42B /* Debug */,
				3F0D519A19C2C81E0023F42B /* Release */,
			);
			defaultConfigurationIsVisible = 0;
			defaultConfigurationName = Release;
		};
		3F0D519B19C2C81E0023F42B /* Build configuration list for PBXNativeTarget "TipCalculatorTests" */ = {
			isa = XCConfigurationList;
			buildConfigurations = (
				3F0D519C19C2C81E0023F42B /* Debug */,
				3F0D519D19C2C81E0023F42B /* Release */,
			);
			defaultConfigurationIsVisible = 0;
			defaultConfigurationName = Release;
		};
/* End XCConfigurationList section */
	};
	rootObject = 3F0D517419C2C81E0023F42B /* Project object */;
}
