// !$*UTF8*$!
{
	archiveVersion = 1;
	classes = {
	};
	objectVersion = 46;
	objects = {

/* Begin PBXBuildFile section */
		3F3B823719FA2A1A0066D2EE /* AppDelegate.swift in Sources */ = {isa = PBXBuildFile; fileRef = 3F3B823619FA2A1A0066D2EE /* AppDelegate.swift */; };
		3F3B823919FA2A1A0066D2EE /* ViewController.swift in Sources */ = {isa = PBXBuildFile; fileRef = 3F3B823819FA2A1A0066D2EE /* ViewController.swift */; };
		3F3B823C19FA2A1A0066D2EE /* Main.storyboard in Resources */ = {isa = PBXBuildFile; fileRef = 3F3B823A19FA2A1A0066D2EE /* Main.storyboard */; };
		3F3B823E19FA2A1A0066D2EE /* Images.xcassets in Resources */ = {isa = PBXBuildFile; fileRef = 3F3B823D19FA2A1A0066D2EE /* Images.xcassets */; };
		3F3B824119FA2A1A0066D2EE /* LaunchScreen.xib in Resources */ = {isa = PBXBuildFile; fileRef = 3F3B823F19FA2A1A0066D2EE /* LaunchScreen.xib */; };
		3F3B824D19FA2A1A0066D2EE /* testideainclassTests.swift in Sources */ = {isa = PBXBuildFile; fileRef = 3F3B824C19FA2A1A0066D2EE /* testideainclassTests.swift */; };
		3F3B825719FA39140066D2EE /* colorful-flower-background.jpg in Resources */ = {isa = PBXBuildFile; fileRef = 3F3B825619FA39140066D2EE /* colorful-flower-background.jpg */; };
		3F6DE12D1A0369CE00E8CE16 /* coreDataTest.xcdatamodeld in Sources */ = {isa = PBXBuildFile; fileRef = 3F6DE12B1A0369CE00E8CE16 /* coreDataTest.xcdatamodeld */; };
		3FC2BA0419FA4031009D5144 /* RegisterController.swift in Sources */ = {isa = PBXBuildFile; fileRef = 3FC2BA0319FA4031009D5144 /* RegisterController.swift */; };
		3FC2BA0619FA5E8E009D5144 /* data.swift in Sources */ = {isa = PBXBuildFile; fileRef = 3FC2BA0519FA5E8E009D5144 /* data.swift */; };
/* End PBXBuildFile section */

/* Begin PBXContainerItemProxy section */
		3F3B824719FA2A1A0066D2EE /* PBXContainerItemProxy */ = {
			isa = PBXContainerItemProxy;
			containerPortal = 3F3B822919FA2A1A0066D2EE /* Project object */;
			proxyType = 1;
			remoteGlobalIDString = 3F3B823019FA2A1A0066D2EE;
			remoteInfo = testideainclass;
		};
/* End PBXContainerItemProxy section */

/* Begin PBXFileReference section */
		3F3B823119FA2A1A0066D2EE /* testideainclass.app */ = {isa = PBXFileReference; explicitFileType = wrapper.application; includeInIndex = 0; path = testideainclass.app; sourceTree = BUILT_PRODUCTS_DIR; };
		3F3B823519FA2A1A0066D2EE /* Info.plist */ = {isa = PBXFileReference; lastKnownFileType = text.plist.xml; path = Info.plist; sourceTree = "<group>"; };
		3F3B823619FA2A1A0066D2EE /* AppDelegate.swift */ = {isa = PBXFileReference; lastKnownFileType = sourcecode.swift; path = AppDelegate.swift; sourceTree = "<group>"; };
		3F3B823819FA2A1A0066D2EE /* ViewController.swift */ = {isa = PBXFileReference; lastKnownFileType = sourcecode.swift; path = ViewController.swift; sourceTree = "<group>"; };
		3F3B823B19FA2A1A0066D2EE /* Base */ = {isa = PBXFileReference; lastKnownFileType = file.storyboard; name = Base; path = Base.lproj/Main.storyboard; sourceTree = "<group>"; };
		3F3B823D19FA2A1A0066D2EE /* Images.xcassets */ = {isa = PBXFileReference; lastKnownFileType = folder.assetcatalog; path = Images.xcassets; sourceTree = "<group>"; };
		3F3B824019FA2A1A0066D2EE /* Base */ = {isa = PBXFileReference; lastKnownFileType = file.xib; name = Base; path = Base.lproj/LaunchScreen.xib; sourceTree = "<group>"; };
		3F3B824619FA2A1A0066D2EE /* testideainclassTests.xctest */ = {isa = PBXFileReference; explicitFileType = wrapper.cfbundle; includeInIndex = 0; path = testideainclassTests.xctest; sourceTree = BUILT_PRODUCTS_DIR; };
		3F3B824B19FA2A1A0066D2EE /* Info.plist */ = {isa = PBXFileReference; lastKnownFileType = text.plist.xml; path = Info.plist; sourceTree = "<group>"; };
		3F3B824C19FA2A1A0066D2EE /* testideainclassTests.swift */ = {isa = PBXFileReference; lastKnownFileType = sourcecode.swift; path = testideainclassTests.swift; sourceTree = "<group>"; };
		3F3B825619FA39140066D2EE /* colorful-flower-background.jpg */ = {isa = PBXFileReference; lastKnownFileType = image.jpeg; path = "colorful-flower-background.jpg"; sourceTree = "<group>"; };
		3F6DE12C1A0369CE00E8CE16 /* coreDataTest.xcdatamodel */ = {isa = PBXFileReference; lastKnownFileType = wrapper.xcdatamodel; path = coreDataTest.xcdatamodel; sourceTree = "<group>"; };
		3FC2BA0319FA4031009D5144 /* RegisterController.swift */ = {isa = PBXFileReference; fileEncoding = 4; lastKnownFileType = sourcecode.swift; path = RegisterController.swift; sourceTree = "<group>"; };
		3FC2BA0519FA5E8E009D5144 /* data.swift */ = {isa = PBXFileReference; fileEncoding = 4; lastKnownFileType = sourcecode.swift; path = data.swift; sourceTree = "<group>"; };
/* End PBXFileReference section */

/* Begin PBXFrameworksBuildPhase section */
		3F3B822E19FA2A1A0066D2EE /* Frameworks */ = {
			isa = PBXFrameworksBuildPhase;
			buildActionMask = 2147483647;
			files = (
			);
			runOnlyForDeploymentPostprocessing = 0;
		};
		3F3B824319FA2A1A0066D2EE /* Frameworks */ = {
			isa = PBXFrameworksBuildPhase;
			buildActionMask = 2147483647;
			files = (
			);
			runOnlyForDeploymentPostprocessing = 0;
		};
/* End PBXFrameworksBuildPhase section */

/* Begin PBXGroup section */
		3F3B822819FA2A1A0066D2EE = {
			isa = PBXGroup;
			children = (
				3F3B823319FA2A1A0066D2EE /* testideainclass */,
				3F3B824919FA2A1A0066D2EE /* testideainclassTests */,
				3F3B823219FA2A1A0066D2EE /* Products */,
			);
			sourceTree = "<group>";
		};
		3F3B823219FA2A1A0066D2EE /* Products */ = {
			isa = PBXGroup;
			children = (
				3F3B823119FA2A1A0066D2EE /* testideainclass.app */,
				3F3B824619FA2A1A0066D2EE /* testideainclassTests.xctest */,
			);
			name = Products;
			sourceTree = "<group>";
		};
		3F3B823319FA2A1A0066D2EE /* testideainclass */ = {
			isa = PBXGroup;
			children = (
				3F3B823619FA2A1A0066D2EE /* AppDelegate.swift */,
				3F6DE12B1A0369CE00E8CE16 /* coreDataTest.xcdatamodeld */,
				3F3B823819FA2A1A0066D2EE /* ViewController.swift */,
				3F3B823A19FA2A1A0066D2EE /* Main.storyboard */,
				3F3B823D19FA2A1A0066D2EE /* Images.xcassets */,
				3F3B823F19FA2A1A0066D2EE /* LaunchScreen.xib */,
				3F3B823419FA2A1A0066D2EE /* Supporting Files */,
				3FC2BA0319FA4031009D5144 /* RegisterController.swift */,
				3FC2BA0519FA5E8E009D5144 /* data.swift */,
			);
			path = testideainclass;
			sourceTree = "<group>";
		};
		3F3B823419FA2A1A0066D2EE /* Supporting Files */ = {
			isa = PBXGroup;
			children = (
				3F3B825619FA39140066D2EE /* colorful-flower-background.jpg */,
				3F3B823519FA2A1A0066D2EE /* Info.plist */,
			);
			name = "Supporting Files";
			sourceTree = "<group>";
		};
		3F3B824919FA2A1A0066D2EE /* testideainclassTests */ = {
			isa = PBXGroup;
			children = (
				3F3B824C19FA2A1A0066D2EE /* testideainclassTests.swift */,
				3F3B824A19FA2A1A0066D2EE /* Supporting Files */,
			);
			path = testideainclassTests;
			sourceTree = "<group>";
		};
		3F3B824A19FA2A1A0066D2EE /* Supporting Files */ = {
			isa = PBXGroup;
			children = (
				3F3B824B19FA2A1A0066D2EE /* Info.plist */,
			);
			name = "Supporting Files";
			sourceTree = "<group>";
		};
/* End PBXGroup section */

/* Begin PBXNativeTarget section */
		3F3B823019FA2A1A0066D2EE /* testideainclass */ = {
			isa = PBXNativeTarget;
			buildConfigurationList = 3F3B825019FA2A1A0066D2EE /* Build configuration list for PBXNativeTarget "testideainclass" */;
			buildPhases = (
				3F3B822D19FA2A1A0066D2EE /* Sources */,
				3F3B822E19FA2A1A0066D2EE /* Frameworks */,
				3F3B822F19FA2A1A0066D2EE /* Resources */,
			);
			buildRules = (
			);
			dependencies = (
			);
			name = testideainclass;
			productName = testideainclass;
			productReference = 3F3B823119FA2A1A0066D2EE /* testideainclass.app */;
			productType = "com.apple.product-type.application";
		};
		3F3B824519FA2A1A0066D2EE /* testideainclassTests */ = {
			isa = PBXNativeTarget;
			buildConfigurationList = 3F3B825319FA2A1A0066D2EE /* Build configuration list for PBXNativeTarget "testideainclassTests" */;
			buildPhases = (
				3F3B824219FA2A1A0066D2EE /* Sources */,
				3F3B824319FA2A1A0066D2EE /* Frameworks */,
				3F3B824419FA2A1A0066D2EE /* Resources */,
			);
			buildRules = (
			);
			dependencies = (
				3F3B824819FA2A1A0066D2EE /* PBXTargetDependency */,
			);
			name = testideainclassTests;
			productName = testideainclassTests;
			productReference = 3F3B824619FA2A1A0066D2EE /* testideainclassTests.xctest */;
			productType = "com.apple.product-type.bundle.unit-test";
		};
/* End PBXNativeTarget section */

/* Begin PBXProject section */
		3F3B822919FA2A1A0066D2EE /* Project object */ = {
			isa = PBXProject;
			attributes = {
				LastUpgradeCheck = 0600;
				ORGANIZATIONNAME = student;
				TargetAttributes = {
					3F3B823019FA2A1A0066D2EE = {
						CreatedOnToolsVersion = 6.0;
					};
					3F3B824519FA2A1A0066D2EE = {
						CreatedOnToolsVersion = 6.0;
						TestTargetID = 3F3B823019FA2A1A0066D2EE;
					};
				};
			};
			buildConfigurationList = 3F3B822C19FA2A1A0066D2EE /* Build configuration list for PBXProject "testideainclass" */;
			compatibilityVersion = "Xcode 3.2";
			developmentRegion = English;
			hasScannedForEncodings = 0;
			knownRegions = (
				en,
				Base,
			);
			mainGroup = 3F3B822819FA2A1A0066D2EE;
			productRefGroup = 3F3B823219FA2A1A0066D2EE /* Products */;
			projectDirPath = "";
			projectRoot = "";
			targets = (
				3F3B823019FA2A1A0066D2EE /* testideainclass */,
				3F3B824519FA2A1A0066D2EE /* testideainclassTests */,
			);
		};
/* End PBXProject section */

/* Begin PBXResourcesBuildPhase section */
		3F3B822F19FA2A1A0066D2EE /* Resources */ = {
			isa = PBXResourcesBuildPhase;
			buildActionMask = 2147483647;
			files = (
				3F3B825719FA39140066D2EE /* colorful-flower-background.jpg in Resources */,
				3F3B823C19FA2A1A0066D2EE /* Main.storyboard in Resources */,
				3F3B824119FA2A1A0066D2EE /* LaunchScreen.xib in Resources */,
				3F3B823E19FA2A1A0066D2EE /* Images.xcassets in Resources */,
			);
			runOnlyForDeploymentPostprocessing = 0;
		};
		3F3B824419FA2A1A0066D2EE /* Resources */ = {
			isa = PBXResourcesBuildPhase;
			buildActionMask = 2147483647;
			files = (
			);
			runOnlyForDeploymentPostprocessing = 0;
		};
/* End PBXResourcesBuildPhase section */

/* Begin PBXSourcesBuildPhase section */
		3F3B822D19FA2A1A0066D2EE /* Sources */ = {
			isa = PBXSourcesBuildPhase;
			buildActionMask = 2147483647;
			files = (
				3F6DE12D1A0369CE00E8CE16 /* coreDataTest.xcdatamodeld in Sources */,
				3F3B823919FA2A1A0066D2EE /* ViewController.swift in Sources */,
				3F3B823719FA2A1A0066D2EE /* AppDelegate.swift in Sources */,
				3FC2BA0419FA4031009D5144 /* RegisterController.swift in Sources */,
				3FC2BA0619FA5E8E009D5144 /* data.swift in Sources */,
			);
			runOnlyForDeploymentPostprocessing = 0;
		};
		3F3B824219FA2A1A0066D2EE /* Sources */ = {
			isa = PBXSourcesBuildPhase;
			buildActionMask = 2147483647;
			files = (
				3F3B824D19FA2A1A0066D2EE /* testideainclassTests.swift in Sources */,
			);
			runOnlyForDeploymentPostprocessing = 0;
		};
/* End PBXSourcesBuildPhase section */

/* Begin PBXTargetDependency section */
		3F3B824819FA2A1A0066D2EE /* PBXTargetDependency */ = {
			isa = PBXTargetDependency;
			target = 3F3B823019FA2A1A0066D2EE /* testideainclass */;
			targetProxy = 3F3B824719FA2A1A0066D2EE /* PBXContainerItemProxy */;
		};
/* End PBXTargetDependency section */

/* Begin PBXVariantGroup section */
		3F3B823A19FA2A1A0066D2EE /* Main.storyboard */ = {
			isa = PBXVariantGroup;
			children = (
				3F3B823B19FA2A1A0066D2EE /* Base */,
			);
			name = Main.storyboard;
			sourceTree = "<group>";
		};
		3F3B823F19FA2A1A0066D2EE /* LaunchScreen.xib */ = {
			isa = PBXVariantGroup;
			children = (
				3F3B824019FA2A1A0066D2EE /* Base */,
			);
			name = LaunchScreen.xib;
			sourceTree = "<group>";
		};
/* End PBXVariantGroup section */

/* Begin XCBuildConfiguration section */
		3F3B824E19FA2A1A0066D2EE /* Debug */ = {
			isa = XCBuildConfiguration;
			buildSettings = {
				ALWAYS_SEARCH_USER_PATHS = NO;
				CLANG_CXX_LANGUAGE_STANDARD = "gnu++0x";
				CLANG_CXX_LIBRARY = "libc++";
				CLANG_ENABLE_MODULES = YES;
				CLANG_ENABLE_OBJC_ARC = YES;
				CLANG_WARN_BOOL_CONVERSION = YES;
				CLANG_WARN_CONSTANT_CONVERSION = YES;
				CLANG_WARN_DIRECT_OBJC_ISA_USAGE = YES_ERROR;
				CLANG_WARN_EMPTY_BODY = YES;
				CLANG_WARN_ENUM_CONVERSION = YES;
				CLANG_WARN_INT_CONVERSION = YES;
				CLANG_WARN_OBJC_ROOT_CLASS = YES_ERROR;
				CLANG_WARN_UNREACHABLE_CODE = YES;
				CLANG_WARN__DUPLICATE_METHOD_MATCH = YES;
				"CODE_SIGN_IDENTITY[sdk=iphoneos*]" = "iPhone Developer";
				COPY_PHASE_STRIP = NO;
				ENABLE_STRICT_OBJC_MSGSEND = YES;
				GCC_C_LANGUAGE_STANDARD = gnu99;
				GCC_DYNAMIC_NO_PIC = NO;
				GCC_OPTIMIZATION_LEVEL = 0;
				GCC_PREPROCESSOR_DEFINITIONS = (
					"DEBUG=1",
					"$(inherited)",
				);
				GCC_SYMBOLS_PRIVATE_EXTERN = NO;
				GCC_WARN_64_TO_32_BIT_CONVERSION = YES;
				GCC_WARN_ABOUT_RETURN_TYPE = YES_ERROR;
				GCC_WARN_UNDECLARED_SELECTOR = YES;
				GCC_WARN_UNINITIALIZED_AUTOS = YES_AGGRESSIVE;
				GCC_WARN_UNUSED_FUNCTION = YES;
				GCC_WARN_UNUSED_VARIABLE = YES;
				IPHONEOS_DEPLOYMENT_TARGET = 8.0;
				MTL_ENABLE_DEBUG_INFO = YES;
				ONLY_ACTIVE_ARCH = YES;
				SDKROOT = iphoneos;
				SWIFT_OPTIMIZATION_LEVEL = "-Onone";
			};
			name = Debug;
		};
		3F3B824F19FA2A1A0066D2EE /* Release */ = {
			isa = XCBuildConfiguration;
			buildSettings = {
				ALWAYS_SEARCH_USER_PATHS = NO;
				CLANG_CXX_LANGUAGE_STANDARD = "gnu++0x";
				CLANG_CXX_LIBRARY = "libc++";
				CLANG_ENABLE_MODULES = YES;
				CLANG_ENABLE_OBJC_ARC = YES;
				CLANG_WARN_BOOL_CONVERSION = YES;
				CLANG_WARN_CONSTANT_CONVERSION = YES;
				CLANG_WARN_DIRECT_OBJC_ISA_USAGE = YES_ERROR;
				CLANG_WARN_EMPTY_BODY = YES;
				CLANG_WARN_ENUM_CONVERSION = YES;
				CLANG_WARN_INT_CONVERSION = YES;
				CLANG_WARN_OBJC_ROOT_CLASS = YES_ERROR;
				CLANG_WARN_UNREACHABLE_CODE = YES;
				CLANG_WARN__DUPLICATE_METHOD_MATCH = YES;
				"CODE_SIGN_IDENTITY[sdk=iphoneos*]" = "iPhone Developer";
				COPY_PHASE_STRIP = YES;
				ENABLE_NS_ASSERTIONS = NO;
				ENABLE_STRICT_OBJC_MSGSEND = YES;
				GCC_C_LANGUAGE_STANDARD = gnu99;
				GCC_WARN_64_TO_32_BIT_CONVERSION = YES;
				GCC_WARN_ABOUT_RETURN_TYPE = YES_ERROR;
				GCC_WARN_UNDECLARED_SELECTOR = YES;
				GCC_WARN_UNINITIALIZED_AUTOS = YES_AGGRESSIVE;
				GCC_WARN_UNUSED_FUNCTION = YES;
				GCC_WARN_UNUSED_VARIABLE = YES;
				IPHONEOS_DEPLOYMENT_TARGET = 8.0;
				MTL_ENABLE_DEBUG_INFO = NO;
				SDKROOT = iphoneos;
				VALIDATE_PRODUCT = YES;
			};
			name = Release;
		};
		3F3B825119FA2A1A0066D2EE /* Debug */ = {
			isa = XCBuildConfiguration;
			buildSettings = {
				ASSETCATALOG_COMPILER_APPICON_NAME = AppIcon;
				CODE_SIGN_IDENTITY = "iPhone Developer";
				INFOPLIST_FILE = testideainclass/Info.plist;
				LD_RUNPATH_SEARCH_PATHS = "$(inherited) @executable_path/Frameworks";
				PRODUCT_NAME = "$(TARGET_NAME)";
			};
			name = Debug;
		};
		3F3B825219FA2A1A0066D2EE /* Release */ = {
			isa = XCBuildConfiguration;
			buildSettings = {
				ASSETCATALOG_COMPILER_APPICON_NAME = AppIcon;
				CODE_SIGN_IDENTITY = "iPhone Developer";
				INFOPLIST_FILE = testideainclass/Info.plist;
				LD_RUNPATH_SEARCH_PATHS = "$(inherited) @executable_path/Frameworks";
				PRODUCT_NAME = "$(TARGET_NAME)";
			};
			name = Release;
		};
		3F3B825419FA2A1A0066D2EE /* Debug */ = {
			isa = XCBuildConfiguration;
			buildSettings = {
				BUNDLE_LOADER = "$(TEST_HOST)";
				FRAMEWORK_SEARCH_PATHS = (
					"$(SDKROOT)/Developer/Library/Frameworks",
					"$(inherited)",
				);
				GCC_PREPROCESSOR_DEFINITIONS = (
					"DEBUG=1",
					"$(inherited)",
				);
				INFOPLIST_FILE = testideainclassTests/Info.plist;
				LD_RUNPATH_SEARCH_PATHS = "$(inherited) @executable_path/Frameworks @loader_path/Frameworks";
				PRODUCT_NAME = "$(TARGET_NAME)";
				TEST_HOST = "$(BUILT_PRODUCTS_DIR)/testideainclass.app/testideainclass";
			};
			name = Debug;
		};
		3F3B825519FA2A1A0066D2EE /* Release */ = {
			isa = XCBuildConfiguration;
			buildSettings = {
				BUNDLE_LOADER = "$(TEST_HOST)";
				FRAMEWORK_SEARCH_PATHS = (
					"$(SDKROOT)/Developer/Library/Frameworks",
					"$(inherited)",
				);
				INFOPLIST_FILE = testideainclassTests/Info.plist;
				LD_RUNPATH_SEARCH_PATHS = "$(inherited) @executable_path/Frameworks @loader_path/Frameworks";
				PRODUCT_NAME = "$(TARGET_NAME)";
				TEST_HOST = "$(BUILT_PRODUCTS_DIR)/testideainclass.app/testideainclass";
			};
			name = Release;
		};
/* End XCBuildConfiguration section */

/* Begin XCConfigurationList section */
		3F3B822C19FA2A1A0066D2EE /* Build configuration list for PBXProject "testideainclass" */ = {
			isa = XCConfigurationList;
			buildConfigurations = (
				3F3B824E19FA2A1A0066D2EE /* Debug */,
				3F3B824F19FA2A1A0066D2EE /* Release */,
			);
			defaultConfigurationIsVisible = 0;
			defaultConfigurationName = Release;
		};
		3F3B825019FA2A1A0066D2EE /* Build configuration list for PBXNativeTarget "testideainclass" */ = {
			isa = XCConfigurationList;
			buildConfigurations = (
				3F3B825119FA2A1A0066D2EE /* Debug */,
				3F3B825219FA2A1A0066D2EE /* Release */,
			);
			defaultConfigurationIsVisible = 0;
			defaultConfigurationName = Release;
		};
		3F3B825319FA2A1A0066D2EE /* Build configuration list for PBXNativeTarget "testideainclassTests" */ = {
			isa = XCConfigurationList;
			buildConfigurations = (
				3F3B825419FA2A1A0066D2EE /* Debug */,
				3F3B825519FA2A1A0066D2EE /* Release */,
			);
			defaultConfigurationIsVisible = 0;
			defaultConfigurationName = Release;
		};
/* End XCConfigurationList section */

/* Begin XCVersionGroup section */
		3F6DE12B1A0369CE00E8CE16 /* coreDataTest.xcdatamodeld */ = {
			isa = XCVersionGroup;
			children = (
				3F6DE12C1A0369CE00E8CE16 /* coreDataTest.xcdatamodel */,
			);
			currentVersion = 3F6DE12C1A0369CE00E8CE16 /* coreDataTest.xcdatamodel */;
			path = coreDataTest.xcdatamodeld;
			sourceTree = "<group>";
			versionGroupType = wrapper.xcdatamodel;
		};
/* End XCVersionGroup section */
	};
	rootObject = 3F3B822919FA2A1A0066D2EE /* Project object */;
}
